// !$*UTF8*$!
{
	archiveVersion = 1;
	classes = {
	};
	objectVersion = 46;
	objects = {

/* Begin PBXBuildFile section */
		D3089C651BA2713B00C58D6D /* SettingsReminderListTableViewCell.swift in Sources */ = {isa = PBXBuildFile; fileRef = D3089C641BA2713B00C58D6D /* SettingsReminderListTableViewCell.swift */; };
		D3188A691B6E9AA700323DC0 /* MailComposer3.swift in Sources */ = {isa = PBXBuildFile; fileRef = D3188A681B6E9AA700323DC0 /* MailComposer3.swift */; };
		D3188A6A1B6E9AA700323DC0 /* MailComposer3.swift in Sources */ = {isa = PBXBuildFile; fileRef = D3188A681B6E9AA700323DC0 /* MailComposer3.swift */; };
		D3188A6C1B6E9ADB00323DC0 /* MailComposer.swift in Sources */ = {isa = PBXBuildFile; fileRef = D3188A6B1B6E9ADB00323DC0 /* MailComposer.swift */; };
		D3188A6D1B6E9ADB00323DC0 /* MailComposer.swift in Sources */ = {isa = PBXBuildFile; fileRef = D3188A6B1B6E9ADB00323DC0 /* MailComposer.swift */; };
		D3188A6F1B6E9AE400323DC0 /* MessageCode.swift in Sources */ = {isa = PBXBuildFile; fileRef = D3188A6E1B6E9AE400323DC0 /* MessageCode.swift */; };
		D3188A701B6E9AE400323DC0 /* MessageCode.swift in Sources */ = {isa = PBXBuildFile; fileRef = D3188A6E1B6E9AE400323DC0 /* MessageCode.swift */; };
		D3188A721B6E9AEF00323DC0 /* MessageComposer.swift in Sources */ = {isa = PBXBuildFile; fileRef = D3188A711B6E9AEE00323DC0 /* MessageComposer.swift */; };
		D3188A731B6E9AEF00323DC0 /* MessageComposer.swift in Sources */ = {isa = PBXBuildFile; fileRef = D3188A711B6E9AEE00323DC0 /* MessageComposer.swift */; };
		D3188A751B6E9B1500323DC0 /* CustomTableViewCell.xib in Resources */ = {isa = PBXBuildFile; fileRef = D3188A741B6E9B1500323DC0 /* CustomTableViewCell.xib */; };
		D3188A771B6E9B2600323DC0 /* TableCell.swift in Sources */ = {isa = PBXBuildFile; fileRef = D3188A761B6E9B2600323DC0 /* TableCell.swift */; };
		D3188A791B6E9B4200323DC0 /* ToDoTableCell.swift in Sources */ = {isa = PBXBuildFile; fileRef = D3188A781B6E9B4200323DC0 /* ToDoTableCell.swift */; };
		D3188A7B1B6E9B4B00323DC0 /* ToDoTableViewCell.xib in Resources */ = {isa = PBXBuildFile; fileRef = D3188A7A1B6E9B4B00323DC0 /* ToDoTableViewCell.xib */; };
		D3188A7D1B6E9B7700323DC0 /* ViewControllerDictate.swift in Sources */ = {isa = PBXBuildFile; fileRef = D3188A7C1B6E9B7700323DC0 /* ViewControllerDictate.swift */; };
		D3188A7F1B6E9B7F00323DC0 /* LoginViewController.swift in Sources */ = {isa = PBXBuildFile; fileRef = D3188A7E1B6E9B7F00323DC0 /* LoginViewController.swift */; };
		D3188A811B6E9B9900323DC0 /* tabBarController.swift in Sources */ = {isa = PBXBuildFile; fileRef = D3188A801B6E9B9900323DC0 /* tabBarController.swift */; };
		D3188A831B6E9BD500323DC0 /* PrefsTableVC.swift in Sources */ = {isa = PBXBuildFile; fileRef = D3188A821B6E9BD500323DC0 /* PrefsTableVC.swift */; };
		D3188A851B6E9BED00323DC0 /* PrefsTempVC.swift in Sources */ = {isa = PBXBuildFile; fileRef = D3188A841B6E9BED00323DC0 /* PrefsTempVC.swift */; };
		D3188A871B6E9BF900323DC0 /* vcTest1.swift in Sources */ = {isa = PBXBuildFile; fileRef = D3188A861B6E9BF900323DC0 /* vcTest1.swift */; };
		D3188A891B6E9C0800323DC0 /* ToDoTableViewController.swift in Sources */ = {isa = PBXBuildFile; fileRef = D3188A881B6E9C0800323DC0 /* ToDoTableViewController.swift */; };
		D3188A8B1B6E9C1100323DC0 /* vcTodayTable.swift in Sources */ = {isa = PBXBuildFile; fileRef = D3188A8A1B6E9C1100323DC0 /* vcTodayTable.swift */; };
		D31CB4B01BA2897500EC5418 /* CalendarPickerTableViewController.swift in Sources */ = {isa = PBXBuildFile; fileRef = D31CB4AF1BA2897500EC5418 /* CalendarPickerTableViewController.swift */; };
		D31CB4B21BA28A1800EC5418 /* SettingsCalendarListTableViewCell.swift in Sources */ = {isa = PBXBuildFile; fileRef = D31CB4B11BA28A1800EC5418 /* SettingsCalendarListTableViewCell.swift */; };
		D323505E1B697B0200939F03 /* DictateCode.swift in Sources */ = {isa = PBXBuildFile; fileRef = D323505D1B697B0200939F03 /* DictateCode.swift */; };
		D323505F1B697B0200939F03 /* DictateCode.swift in Sources */ = {isa = PBXBuildFile; fileRef = D323505D1B697B0200939F03 /* DictateCode.swift */; };
		D32350621B69828900939F03 /* ReminderCode.swift in Sources */ = {isa = PBXBuildFile; fileRef = D32350611B69828900939F03 /* ReminderCode.swift */; };
		D32350631B69828900939F03 /* ReminderCode.swift in Sources */ = {isa = PBXBuildFile; fileRef = D32350611B69828900939F03 /* ReminderCode.swift */; };
		D33C13BB1B8C1EC900470F8F /* ToDoMenuViewController.swift in Sources */ = {isa = PBXBuildFile; fileRef = D33C13BA1B8C1EC900470F8F /* ToDoMenuViewController.swift */; };
		D33C13BD1B8C3CCB00470F8F /* SettingsTableViewController.swift in Sources */ = {isa = PBXBuildFile; fileRef = D33C13BC1B8C3CCB00470F8F /* SettingsTableViewController.swift */; };
		D33C13BF1B8C47E800470F8F /* SettingsCalendarTableViewController.swift in Sources */ = {isa = PBXBuildFile; fileRef = D33C13BE1B8C47E800470F8F /* SettingsCalendarTableViewController.swift */; };
		D33CAD041B74773500F59260 /* button-14.mp3 in Resources */ = {isa = PBXBuildFile; fileRef = D33CAD031B74773500F59260 /* button-14.mp3 */; };
		D33CAD051B74773500F59260 /* button-14.mp3 in Resources */ = {isa = PBXBuildFile; fileRef = D33CAD031B74773500F59260 /* button-14.mp3 */; };
		D33CAD071B747EBE00F59260 /* se_tap.m4a in Resources */ = {isa = PBXBuildFile; fileRef = D33CAD061B747EBE00F59260 /* se_tap.m4a */; };
		D33CAD081B747EBE00F59260 /* se_tap.m4a in Resources */ = {isa = PBXBuildFile; fileRef = D33CAD061B747EBE00F59260 /* se_tap.m4a */; };
		D343956E1BA326E6002D98EA /* SettingsReminderTableRC.swift in Sources */ = {isa = PBXBuildFile; fileRef = D343956D1BA326E6002D98EA /* SettingsReminderTableRC.swift */; };
		D34395721BA32964002D98EA /* ReminderListPickerIC.swift in Sources */ = {isa = PBXBuildFile; fileRef = D34395711BA32964002D98EA /* ReminderListPickerIC.swift */; };
		D35588BC1BA937D20052892F /* ReminderItemsIC.swift in Sources */ = {isa = PBXBuildFile; fileRef = D35588BB1BA937D20052892F /* ReminderItemsIC.swift */; };
		D35588BE1BA938A00052892F /* ReminderItemsTableRC.swift in Sources */ = {isa = PBXBuildFile; fileRef = D35588BD1BA938A00052892F /* ReminderItemsTableRC.swift */; };
		D355D97C1BA7DD3F00DADD72 /* Main.storyboard in Resources */ = {isa = PBXBuildFile; fileRef = D355D97B1BA7DD3F00DADD72 /* Main.storyboard */; };
		D3795E7A1B8DF927009D3DB5 /* SettingsEventTableViewController.swift in Sources */ = {isa = PBXBuildFile; fileRef = D3795E791B8DF927009D3DB5 /* SettingsEventTableViewController.swift */; };
		D3795E7B1B8F654F009D3DB5 /* ReminderManager.swift in Sources */ = {isa = PBXBuildFile; fileRef = ECF818621B84FAB70087ECAD /* ReminderManager.swift */; };
		D38653F71BAA02F400B8CCBC /* EventManager.swift in Sources */ = {isa = PBXBuildFile; fileRef = D38653F61BAA02F400B8CCBC /* EventManager.swift */; };
		D38653F81BAA02F400B8CCBC /* EventManager.swift in Sources */ = {isa = PBXBuildFile; fileRef = D38653F61BAA02F400B8CCBC /* EventManager.swift */; };
		D38C9C571B821DA3009CFC7C /* Fabric.framework in Frameworks */ = {isa = PBXBuildFile; fileRef = D38C9C551B821DA3009CFC7C /* Fabric.framework */; };
		D38C9C581B821DA3009CFC7C /* Fabric.framework in Frameworks */ = {isa = PBXBuildFile; fileRef = D38C9C551B821DA3009CFC7C /* Fabric.framework */; };
		D38C9C591B821DA3009CFC7C /* Crashlytics.framework in Frameworks */ = {isa = PBXBuildFile; fileRef = D38C9C561B821DA3009CFC7C /* Crashlytics.framework */; };
		D38C9C5A1B821DA3009CFC7C /* Crashlytics.framework in Frameworks */ = {isa = PBXBuildFile; fileRef = D38C9C561B821DA3009CFC7C /* Crashlytics.framework */; };
		D392FAD41B9B1BA800678B18 /* SettingsFriendsTableViewController.swift in Sources */ = {isa = PBXBuildFile; fileRef = D392FAD31B9B1BA800678B18 /* SettingsFriendsTableViewController.swift */; };
		D392FAD61B9B1C7E00678B18 /* SettingsInstructionsTableViewController.swift in Sources */ = {isa = PBXBuildFile; fileRef = D392FAD51B9B1C7E00678B18 /* SettingsInstructionsTableViewController.swift */; };
		D392FAD81B9B1D3600678B18 /* SettingsKeywordsTableViewController.swift in Sources */ = {isa = PBXBuildFile; fileRef = D392FAD71B9B1D3600678B18 /* SettingsKeywordsTableViewController.swift */; };
		D392FADA1B9B1DFD00678B18 /* SettingsGeneralTableViewController.swift in Sources */ = {isa = PBXBuildFile; fileRef = D392FAD91B9B1DFD00678B18 /* SettingsGeneralTableViewController.swift */; };
		D39AB89E1BA86D68001C7570 /* CalendarListPickerIC.swift in Sources */ = {isa = PBXBuildFile; fileRef = D39AB89D1BA86D68001C7570 /* CalendarListPickerIC.swift */; };
		D39AB8A01BA87679001C7570 /* SettingsCalendarTableRC.swift in Sources */ = {isa = PBXBuildFile; fileRef = D39AB89F1BA87679001C7570 /* SettingsCalendarTableRC.swift */; };
		D3A0F9FC1B69F0BB00F1FEDA /* EventCode.swift in Sources */ = {isa = PBXBuildFile; fileRef = D3A0F9FB1B69F0BB00F1FEDA /* EventCode.swift */; };
		D3A0F9FD1B69F0BB00F1FEDA /* EventCode.swift in Sources */ = {isa = PBXBuildFile; fileRef = D3A0F9FB1B69F0BB00F1FEDA /* EventCode.swift */; };
		D3B6F5F91BA60B7E0052B639 /* DictateManagerIC.swift in Sources */ = {isa = PBXBuildFile; fileRef = D3B6F5F81BA60B7E0052B639 /* DictateManagerIC.swift */; };
		D3B703801B935AC200FA1DF0 /* SettingsReminderTableViewController.swift in Sources */ = {isa = PBXBuildFile; fileRef = D3B7037F1B935AC200FA1DF0 /* SettingsReminderTableViewController.swift */; };
		D3B703821B94E90800FA1DF0 /* ReminderListTableViewController.swift in Sources */ = {isa = PBXBuildFile; fileRef = D3B703811B94E90800FA1DF0 /* ReminderListTableViewController.swift */; };
		D3BD1BDE1B9F3CF10052A312 /* ReminderPickerTableViewController.swift in Sources */ = {isa = PBXBuildFile; fileRef = D3BD1BDD1B9F3CF10052A312 /* ReminderPickerTableViewController.swift */; };
		D3D98AF41BA54D5B00BA1901 /* FavoritesManager.swift in Sources */ = {isa = PBXBuildFile; fileRef = D3D98AF31BA54D5B00BA1901 /* FavoritesManager.swift */; };
		D3D98AF51BA54D5B00BA1901 /* FavoritesManager.swift in Sources */ = {isa = PBXBuildFile; fileRef = D3D98AF31BA54D5B00BA1901 /* FavoritesManager.swift */; };
		D3E810851B70F4BC004AE5A9 /* TodayIC.swift in Sources */ = {isa = PBXBuildFile; fileRef = D3E810831B70F4BC004AE5A9 /* TodayIC.swift */; };
		D3E810881B70FEA0004AE5A9 /* SettingsIC.swift in Sources */ = {isa = PBXBuildFile; fileRef = D3E810871B70FEA0004AE5A9 /* SettingsIC.swift */; };
		D3E8108A1B710690004AE5A9 /* ReminderListsIC.swift in Sources */ = {isa = PBXBuildFile; fileRef = D3E810891B710690004AE5A9 /* ReminderListsIC.swift */; };
		D3E8FE8A1B73AB680050A37C /* AudioToolbox.framework in Frameworks */ = {isa = PBXBuildFile; fileRef = EC0B48891B6FE9FF00C0AD82 /* AudioToolbox.framework */; };
		D3E8FE8B1B73ABB00050A37C /* libsqlite3.0.dylib in Frameworks */ = {isa = PBXBuildFile; fileRef = EC0B487D1B6FE9B800C0AD82 /* libsqlite3.0.dylib */; };
		D3E8FE8C1B73ABDB0050A37C /* SystemConfiguration.framework in Frameworks */ = {isa = PBXBuildFile; fileRef = EC0B48851B6FE9EB00C0AD82 /* SystemConfiguration.framework */; };
		D3E8FE8D1B73ABE50050A37C /* Security.framework in Frameworks */ = {isa = PBXBuildFile; fileRef = EC0B48811B6FE9D300C0AD82 /* Security.framework */; };
		D3F8ACEB1B696FB00070C097 /* AppDelegate.swift in Sources */ = {isa = PBXBuildFile; fileRef = D3F8ACEA1B696FB00070C097 /* AppDelegate.swift */; };
		D3F8ACED1B696FB00070C097 /* ViewController.swift in Sources */ = {isa = PBXBuildFile; fileRef = D3F8ACEC1B696FB00070C097 /* ViewController.swift */; };
		D3F8ACF21B696FB00070C097 /* Images.xcassets in Resources */ = {isa = PBXBuildFile; fileRef = D3F8ACF11B696FB00070C097 /* Images.xcassets */; };
		D3F8ACF51B696FB00070C097 /* LaunchScreen.xib in Resources */ = {isa = PBXBuildFile; fileRef = D3F8ACF31B696FB00070C097 /* LaunchScreen.xib */; };
		D3F8AD011B696FB00070C097 /* DictateTests.swift in Sources */ = {isa = PBXBuildFile; fileRef = D3F8AD001B696FB00070C097 /* DictateTests.swift */; };
		D3F8AD141B696FCD0070C097 /* MainIC.swift in Sources */ = {isa = PBXBuildFile; fileRef = D3F8AD131B696FCD0070C097 /* MainIC.swift */; };
		D3F8AD161B696FCD0070C097 /* NotificationController.swift in Sources */ = {isa = PBXBuildFile; fileRef = D3F8AD151B696FCD0070C097 /* NotificationController.swift */; };
		D3F8AD181B696FCD0070C097 /* GlanceController.swift in Sources */ = {isa = PBXBuildFile; fileRef = D3F8AD171B696FCD0070C097 /* GlanceController.swift */; };
		D3F8AD1A1B696FCD0070C097 /* Images.xcassets in Resources */ = {isa = PBXBuildFile; fileRef = D3F8AD191B696FCD0070C097 /* Images.xcassets */; };
		D3F8AD1E1B696FCD0070C097 /* Dictate WatchKit App.app in Resources */ = {isa = PBXBuildFile; fileRef = D3F8AD1D1B696FCD0070C097 /* Dictate WatchKit App.app */; };
		D3F8AD261B696FCE0070C097 /* Interface.storyboard in Resources */ = {isa = PBXBuildFile; fileRef = D3F8AD241B696FCD0070C097 /* Interface.storyboard */; };
		D3F8AD281B696FCE0070C097 /* Images.xcassets in Resources */ = {isa = PBXBuildFile; fileRef = D3F8AD271B696FCE0070C097 /* Images.xcassets */; };
		D3F8AD2B1B696FCE0070C097 /* Dictate WatchKit Extension.appex in Embed App Extensions */ = {isa = PBXBuildFile; fileRef = D3F8AD0E1B696FCD0070C097 /* Dictate WatchKit Extension.appex */; settings = {ATTRIBUTES = (RemoveHeadersOnCopy, ); }; };
		D3FA08051BA7F6EB006A91C2 /* ReminderListsTableRC.swift in Sources */ = {isa = PBXBuildFile; fileRef = D3FA08041BA7F6EB006A91C2 /* ReminderListsTableRC.swift */; };
		EC0B487E1B6FE9B800C0AD82 /* libsqlite3.0.dylib in Frameworks */ = {isa = PBXBuildFile; fileRef = EC0B487D1B6FE9B800C0AD82 /* libsqlite3.0.dylib */; };
		EC0B48801B6FE9C700C0AD82 /* CFNetwork.framework in Frameworks */ = {isa = PBXBuildFile; fileRef = EC0B487F1B6FE9C700C0AD82 /* CFNetwork.framework */; };
		EC0B48821B6FE9D300C0AD82 /* Security.framework in Frameworks */ = {isa = PBXBuildFile; fileRef = EC0B48811B6FE9D300C0AD82 /* Security.framework */; };
		EC0B48841B6FE9DF00C0AD82 /* QuartzCore.framework in Frameworks */ = {isa = PBXBuildFile; fileRef = EC0B48831B6FE9DF00C0AD82 /* QuartzCore.framework */; };
		EC0B48861B6FE9EB00C0AD82 /* SystemConfiguration.framework in Frameworks */ = {isa = PBXBuildFile; fileRef = EC0B48851B6FE9EB00C0AD82 /* SystemConfiguration.framework */; };
		EC0B48881B6FE9F600C0AD82 /* CoreLocation.framework in Frameworks */ = {isa = PBXBuildFile; fileRef = EC0B48871B6FE9F600C0AD82 /* CoreLocation.framework */; };
		EC0B488A1B6FE9FF00C0AD82 /* AudioToolbox.framework in Frameworks */ = {isa = PBXBuildFile; fileRef = EC0B48891B6FE9FF00C0AD82 /* AudioToolbox.framework */; };
		EC0B488E1B6FEA1F00C0AD82 /* CoreGraphics.framework in Frameworks */ = {isa = PBXBuildFile; fileRef = EC0B488D1B6FEA1F00C0AD82 /* CoreGraphics.framework */; };
		EC0B48931B6FEAC400C0AD82 /* Bolts.framework in Frameworks */ = {isa = PBXBuildFile; fileRef = EC0B48911B6FEAC400C0AD82 /* Bolts.framework */; };
		EC0B48941B6FEAC400C0AD82 /* Parse.framework in Frameworks */ = {isa = PBXBuildFile; fileRef = EC0B48921B6FEAC400C0AD82 /* Parse.framework */; };
		EC0B48951B6FEBA600C0AD82 /* Bolts.framework in Frameworks */ = {isa = PBXBuildFile; fileRef = EC0B48911B6FEAC400C0AD82 /* Bolts.framework */; };
		EC0B48961B6FEBA600C0AD82 /* Parse.framework in Frameworks */ = {isa = PBXBuildFile; fileRef = EC0B48921B6FEAC400C0AD82 /* Parse.framework */; };
		EC82CF631BAAE26F00722611 /* UILabel+WhiteUIDatePickerLabel.m in Sources */ = {isa = PBXBuildFile; fileRef = EC82CF621BAAE26F00722611 /* UILabel+WhiteUIDatePickerLabel.m */; };
		ECB861E01B77DBB700503C50 /* Constants.swift in Sources */ = {isa = PBXBuildFile; fileRef = ECB861DC1B77DBB700503C50 /* Constants.swift */; };
		ECB861E11B77DBB700503C50 /* General.swift in Sources */ = {isa = PBXBuildFile; fileRef = ECB861DD1B77DBB700503C50 /* General.swift */; };
		ECB861E21B77DBB700503C50 /* SwiftColors.swift in Sources */ = {isa = PBXBuildFile; fileRef = ECB861DE1B77DBB700503C50 /* SwiftColors.swift */; };
		ECB861E31B77DBB700503C50 /* Utility.swift in Sources */ = {isa = PBXBuildFile; fileRef = ECB861DF1B77DBB700503C50 /* Utility.swift */; };
		ECB861F21B77DCB000503C50 /* 122-whoosh03.mp3 in Resources */ = {isa = PBXBuildFile; fileRef = ECB861E61B77DCB000503C50 /* 122-whoosh03.mp3 */; };
		ECB861F31B77DCB000503C50 /* 124-DeleteWhoosh.mp3 in Resources */ = {isa = PBXBuildFile; fileRef = ECB861E71B77DCB000503C50 /* 124-DeleteWhoosh.mp3 */; };
		ECB861F41B77DCB000503C50 /* 212-buttonclick52.mp3 in Resources */ = {isa = PBXBuildFile; fileRef = ECB861E81B77DCB000503C50 /* 212-buttonclick52.mp3 */; };
		ECB861F51B77DCB000503C50 /* 217-buttonclick03.mp3 in Resources */ = {isa = PBXBuildFile; fileRef = ECB861E91B77DCB000503C50 /* 217-buttonclick03.mp3 */; };
		ECB861F61B77DCB000503C50 /* 218-buttonclick54.mp3 in Resources */ = {isa = PBXBuildFile; fileRef = ECB861EA1B77DCB000503C50 /* 218-buttonclick54.mp3 */; };
		ECB861F71B77DCB000503C50 /* 262-buttonclick57.mp3 in Resources */ = {isa = PBXBuildFile; fileRef = ECB861EB1B77DCB000503C50 /* 262-buttonclick57.mp3 */; };
		ECB861F81B77DCB000503C50 /* 289-SimpleBeep.mp3 in Resources */ = {isa = PBXBuildFile; fileRef = ECB861EC1B77DCB000503C50 /* 289-SimpleBeep.mp3 */; };
		ECB861F91B77DCB000503C50 /* beep-08b.mp3 in Resources */ = {isa = PBXBuildFile; fileRef = ECB861ED1B77DCB000503C50 /* beep-08b.mp3 */; };
		ECB861FA1B77DCB000503C50 /* Beep2.mp3 in Resources */ = {isa = PBXBuildFile; fileRef = ECB861EE1B77DCB000503C50 /* Beep2.mp3 */; };
		ECB861FB1B77DCB000503C50 /* button-14.mp3 in Resources */ = {isa = PBXBuildFile; fileRef = ECB861EF1B77DCB000503C50 /* button-14.mp3 */; };
		ECB861FC1B77DCB000503C50 /* button-43.mp3 in Resources */ = {isa = PBXBuildFile; fileRef = ECB861F01B77DCB000503C50 /* button-43.mp3 */; };
		ECB861FD1B77DCB000503C50 /* se_tap.m4a in Resources */ = {isa = PBXBuildFile; fileRef = ECB861F11B77DCB000503C50 /* se_tap.m4a */; };
		ECB861FE1B77DCDC00503C50 /* General.swift in Sources */ = {isa = PBXBuildFile; fileRef = ECB861DD1B77DBB700503C50 /* General.swift */; };
		ECB862021B77DD4100503C50 /* TodayViewController.m in Sources */ = {isa = PBXBuildFile; fileRef = ECB862011B77DD4100503C50 /* TodayViewController.m */; };
		ECB8622B1B77DEBD00503C50 /* CALEventManager.m in Sources */ = {isa = PBXBuildFile; fileRef = ECB862041B77DEBD00503C50 /* CALEventManager.m */; };
		ECB8622C1B77DEBD00503C50 /* JTCalendarManager.m in Sources */ = {isa = PBXBuildFile; fileRef = ECB862091B77DEBD00503C50 /* JTCalendarManager.m */; };
		ECB8622D1B77DEBD00503C50 /* JTCalendarSettings.m in Sources */ = {isa = PBXBuildFile; fileRef = ECB8620B1B77DEBD00503C50 /* JTCalendarSettings.m */; };
		ECB8622E1B77DEBD00503C50 /* JTDateHelper.m in Sources */ = {isa = PBXBuildFile; fileRef = ECB8620D1B77DEBD00503C50 /* JTDateHelper.m */; };
		ECB8622F1B77DEBD00503C50 /* JTCalendarDelegateManager.m in Sources */ = {isa = PBXBuildFile; fileRef = ECB862101B77DEBD00503C50 /* JTCalendarDelegateManager.m */; };
		ECB862301B77DEBD00503C50 /* JTCalendarScrollManager.m in Sources */ = {isa = PBXBuildFile; fileRef = ECB862121B77DEBD00503C50 /* JTCalendarScrollManager.m */; };
		ECB862311B77DEBD00503C50 /* JTCalendarDayView.m in Sources */ = {isa = PBXBuildFile; fileRef = ECB8621C1B77DEBD00503C50 /* JTCalendarDayView.m */; };
		ECB862321B77DEBD00503C50 /* JTCalendarMenuView.m in Sources */ = {isa = PBXBuildFile; fileRef = ECB8621E1B77DEBD00503C50 /* JTCalendarMenuView.m */; };
		ECB862331B77DEBD00503C50 /* JTCalendarPageView.m in Sources */ = {isa = PBXBuildFile; fileRef = ECB862201B77DEBD00503C50 /* JTCalendarPageView.m */; };
		ECB862341B77DEBD00503C50 /* JTCalendarWeekDayView.m in Sources */ = {isa = PBXBuildFile; fileRef = ECB862221B77DEBD00503C50 /* JTCalendarWeekDayView.m */; };
		ECB862351B77DEBD00503C50 /* JTCalendarWeekView.m in Sources */ = {isa = PBXBuildFile; fileRef = ECB862241B77DEBD00503C50 /* JTCalendarWeekView.m */; };
		ECB862361B77DEBD00503C50 /* JTHorizontalCalendarView.m in Sources */ = {isa = PBXBuildFile; fileRef = ECB862261B77DEBD00503C50 /* JTHorizontalCalendarView.m */; };
		ECB862371B77DEBD00503C50 /* JTVerticalCalendarView.m in Sources */ = {isa = PBXBuildFile; fileRef = ECB862281B77DEBD00503C50 /* JTVerticalCalendarView.m */; };
		ECB862381B77DEBD00503C50 /* NSDate+CALAddition.m in Sources */ = {isa = PBXBuildFile; fileRef = ECB8622A1B77DEBD00503C50 /* NSDate+CALAddition.m */; };
		ECF240461B9AFBF3002BFBAE /* ReminderEditorViewController.m in Sources */ = {isa = PBXBuildFile; fileRef = ECF240451B9AFBF3002BFBAE /* ReminderEditorViewController.m */; };
		ECF240481B9C947E002BFBAE /* DateTableViewCell.swift in Sources */ = {isa = PBXBuildFile; fileRef = ECF240471B9C947E002BFBAE /* DateTableViewCell.swift */; };
		ECF2404D1B9DFF7F002BFBAE /* CalendarSelectionViewController.swift in Sources */ = {isa = PBXBuildFile; fileRef = ECF2404C1B9DFF7F002BFBAE /* CalendarSelectionViewController.swift */; };
		ECF2404F1BA13786002BFBAE /* DataManager.swift in Sources */ = {isa = PBXBuildFile; fileRef = ECF2404E1BA13786002BFBAE /* DataManager.swift */; };
		ECF8185F1B83B7E10087ECAD /* CheckBox.swift in Sources */ = {isa = PBXBuildFile; fileRef = ECF8185D1B83B7E10087ECAD /* CheckBox.swift */; };
		ECF818601B83B7E10087ECAD /* CheckBoxLayer.swift in Sources */ = {isa = PBXBuildFile; fileRef = ECF8185E1B83B7E10087ECAD /* CheckBoxLayer.swift */; };
		ECF818631B84FAB70087ECAD /* ReminderManager.swift in Sources */ = {isa = PBXBuildFile; fileRef = ECF818621B84FAB70087ECAD /* ReminderManager.swift */; };
		ECF818661B8519F80087ECAD /* BFPaperCheckbox.m in Sources */ = {isa = PBXBuildFile; fileRef = ECF818651B8519F80087ECAD /* BFPaperCheckbox.m */; };
		ECF818691B851B830087ECAD /* UIColor+BFPaperColors.m in Sources */ = {isa = PBXBuildFile; fileRef = ECF818681B851B830087ECAD /* UIColor+BFPaperColors.m */; };
/* End PBXBuildFile section */

/* Begin PBXContainerItemProxy section */
		D3F8ACFB1B696FB00070C097 /* PBXContainerItemProxy */ = {
			isa = PBXContainerItemProxy;
			containerPortal = D3F8ACDD1B696FB00070C097 /* Project object */;
			proxyType = 1;
			remoteGlobalIDString = D3F8ACE41B696FB00070C097;
			remoteInfo = Dictate;
		};
		D3F8AD1F1B696FCD0070C097 /* PBXContainerItemProxy */ = {
			isa = PBXContainerItemProxy;
			containerPortal = D3F8ACDD1B696FB00070C097 /* Project object */;
			proxyType = 1;
			remoteGlobalIDString = D3F8AD1C1B696FCD0070C097;
			remoteInfo = "Dictate WatchKit App";
		};
		D3F8AD291B696FCE0070C097 /* PBXContainerItemProxy */ = {
			isa = PBXContainerItemProxy;
			containerPortal = D3F8ACDD1B696FB00070C097 /* Project object */;
			proxyType = 1;
			remoteGlobalIDString = D3F8AD0D1B696FCD0070C097;
			remoteInfo = "Dictate WatchKit Extension";
		};
/* End PBXContainerItemProxy section */

/* Begin PBXCopyFilesBuildPhase section */
		D3F8AD321B696FCE0070C097 /* Embed App Extensions */ = {
			isa = PBXCopyFilesBuildPhase;
			buildActionMask = 2147483647;
			dstPath = "";
			dstSubfolderSpec = 13;
			files = (
				D3F8AD2B1B696FCE0070C097 /* Dictate WatchKit Extension.appex in Embed App Extensions */,
			);
			name = "Embed App Extensions";
			runOnlyForDeploymentPostprocessing = 0;
		};
/* End PBXCopyFilesBuildPhase section */

/* Begin PBXFileReference section */
		D3089C641BA2713B00C58D6D /* SettingsReminderListTableViewCell.swift */ = {isa = PBXFileReference; fileEncoding = 4; lastKnownFileType = sourcecode.swift; name = SettingsReminderListTableViewCell.swift; path = ../SettingsReminderListTableViewCell.swift; sourceTree = "<group>"; };
		D3188A681B6E9AA700323DC0 /* MailComposer3.swift */ = {isa = PBXFileReference; fileEncoding = 4; lastKnownFileType = sourcecode.swift; path = MailComposer3.swift; sourceTree = "<group>"; };
		D3188A6B1B6E9ADB00323DC0 /* MailComposer.swift */ = {isa = PBXFileReference; fileEncoding = 4; lastKnownFileType = sourcecode.swift; path = MailComposer.swift; sourceTree = "<group>"; };
		D3188A6E1B6E9AE400323DC0 /* MessageCode.swift */ = {isa = PBXFileReference; fileEncoding = 4; lastKnownFileType = sourcecode.swift; path = MessageCode.swift; sourceTree = "<group>"; };
		D3188A711B6E9AEE00323DC0 /* MessageComposer.swift */ = {isa = PBXFileReference; fileEncoding = 4; lastKnownFileType = sourcecode.swift; path = MessageComposer.swift; sourceTree = "<group>"; };
		D3188A741B6E9B1500323DC0 /* CustomTableViewCell.xib */ = {isa = PBXFileReference; fileEncoding = 4; lastKnownFileType = file.xib; path = CustomTableViewCell.xib; sourceTree = "<group>"; };
		D3188A761B6E9B2600323DC0 /* TableCell.swift */ = {isa = PBXFileReference; fileEncoding = 4; lastKnownFileType = sourcecode.swift; path = TableCell.swift; sourceTree = "<group>"; };
		D3188A781B6E9B4200323DC0 /* ToDoTableCell.swift */ = {isa = PBXFileReference; fileEncoding = 4; lastKnownFileType = sourcecode.swift; path = ToDoTableCell.swift; sourceTree = "<group>"; };
		D3188A7A1B6E9B4B00323DC0 /* ToDoTableViewCell.xib */ = {isa = PBXFileReference; fileEncoding = 4; lastKnownFileType = file.xib; path = ToDoTableViewCell.xib; sourceTree = "<group>"; };
		D3188A7C1B6E9B7700323DC0 /* ViewControllerDictate.swift */ = {isa = PBXFileReference; fileEncoding = 4; lastKnownFileType = sourcecode.swift; path = ViewControllerDictate.swift; sourceTree = "<group>"; };
		D3188A7E1B6E9B7F00323DC0 /* LoginViewController.swift */ = {isa = PBXFileReference; fileEncoding = 4; lastKnownFileType = sourcecode.swift; path = LoginViewController.swift; sourceTree = "<group>"; };
		D3188A801B6E9B9900323DC0 /* tabBarController.swift */ = {isa = PBXFileReference; fileEncoding = 4; lastKnownFileType = sourcecode.swift; path = tabBarController.swift; sourceTree = "<group>"; };
		D3188A821B6E9BD500323DC0 /* PrefsTableVC.swift */ = {isa = PBXFileReference; fileEncoding = 4; lastKnownFileType = sourcecode.swift; path = PrefsTableVC.swift; sourceTree = "<group>"; };
		D3188A841B6E9BED00323DC0 /* PrefsTempVC.swift */ = {isa = PBXFileReference; fileEncoding = 4; lastKnownFileType = sourcecode.swift; path = PrefsTempVC.swift; sourceTree = "<group>"; };
		D3188A861B6E9BF900323DC0 /* vcTest1.swift */ = {isa = PBXFileReference; fileEncoding = 4; lastKnownFileType = sourcecode.swift; path = vcTest1.swift; sourceTree = "<group>"; };
		D3188A881B6E9C0800323DC0 /* ToDoTableViewController.swift */ = {isa = PBXFileReference; fileEncoding = 4; lastKnownFileType = sourcecode.swift; path = ToDoTableViewController.swift; sourceTree = "<group>"; };
		D3188A8A1B6E9C1100323DC0 /* vcTodayTable.swift */ = {isa = PBXFileReference; fileEncoding = 4; lastKnownFileType = sourcecode.swift; path = vcTodayTable.swift; sourceTree = "<group>"; };
		D31CB4AF1BA2897500EC5418 /* CalendarPickerTableViewController.swift */ = {isa = PBXFileReference; fileEncoding = 4; lastKnownFileType = sourcecode.swift; path = CalendarPickerTableViewController.swift; sourceTree = "<group>"; };
		D31CB4B11BA28A1800EC5418 /* SettingsCalendarListTableViewCell.swift */ = {isa = PBXFileReference; fileEncoding = 4; lastKnownFileType = sourcecode.swift; path = SettingsCalendarListTableViewCell.swift; sourceTree = SOURCE_ROOT; };
		D323505D1B697B0200939F03 /* DictateCode.swift */ = {isa = PBXFileReference; fileEncoding = 4; lastKnownFileType = sourcecode.swift; path = DictateCode.swift; sourceTree = "<group>"; };
		D32350611B69828900939F03 /* ReminderCode.swift */ = {isa = PBXFileReference; fileEncoding = 4; lastKnownFileType = sourcecode.swift; path = ReminderCode.swift; sourceTree = "<group>"; };
		D33C13BA1B8C1EC900470F8F /* ToDoMenuViewController.swift */ = {isa = PBXFileReference; fileEncoding = 4; lastKnownFileType = sourcecode.swift; name = ToDoMenuViewController.swift; path = ../ToDoMenuViewController.swift; sourceTree = "<group>"; };
		D33C13BC1B8C3CCB00470F8F /* SettingsTableViewController.swift */ = {isa = PBXFileReference; fileEncoding = 4; lastKnownFileType = sourcecode.swift; path = SettingsTableViewController.swift; sourceTree = "<group>"; };
		D33C13BE1B8C47E800470F8F /* SettingsCalendarTableViewController.swift */ = {isa = PBXFileReference; fileEncoding = 4; lastKnownFileType = sourcecode.swift; name = SettingsCalendarTableViewController.swift; path = Views/SettingsCalendarTableViewController.swift; sourceTree = "<group>"; };
		D33CAD031B74773500F59260 /* button-14.mp3 */ = {isa = PBXFileReference; lastKnownFileType = audio.mp3; path = "button-14.mp3"; sourceTree = "<group>"; };
		D33CAD061B747EBE00F59260 /* se_tap.m4a */ = {isa = PBXFileReference; lastKnownFileType = file; path = se_tap.m4a; sourceTree = "<group>"; };
		D343956D1BA326E6002D98EA /* SettingsReminderTableRC.swift */ = {isa = PBXFileReference; fileEncoding = 4; lastKnownFileType = sourcecode.swift; path = SettingsReminderTableRC.swift; sourceTree = "<group>"; };
		D34395711BA32964002D98EA /* ReminderListPickerIC.swift */ = {isa = PBXFileReference; fileEncoding = 4; lastKnownFileType = sourcecode.swift; path = ReminderListPickerIC.swift; sourceTree = "<group>"; };
		D35588BB1BA937D20052892F /* ReminderItemsIC.swift */ = {isa = PBXFileReference; fileEncoding = 4; lastKnownFileType = sourcecode.swift; path = ReminderItemsIC.swift; sourceTree = "<group>"; };
		D35588BD1BA938A00052892F /* ReminderItemsTableRC.swift */ = {isa = PBXFileReference; fileEncoding = 4; lastKnownFileType = sourcecode.swift; path = ReminderItemsTableRC.swift; sourceTree = "<group>"; };
		D355D97B1BA7DD3F00DADD72 /* Main.storyboard */ = {isa = PBXFileReference; fileEncoding = 4; lastKnownFileType = file.storyboard; path = Main.storyboard; sourceTree = "<group>"; };
		D3795E791B8DF927009D3DB5 /* SettingsEventTableViewController.swift */ = {isa = PBXFileReference; fileEncoding = 4; lastKnownFileType = sourcecode.swift; name = SettingsEventTableViewController.swift; path = Views/SettingsEventTableViewController.swift; sourceTree = "<group>"; };
		D38653F61BAA02F400B8CCBC /* EventManager.swift */ = {isa = PBXFileReference; fileEncoding = 4; lastKnownFileType = sourcecode.swift; path = EventManager.swift; sourceTree = "<group>"; };
		D38C9C551B821DA3009CFC7C /* Fabric.framework */ = {isa = PBXFileReference; lastKnownFileType = wrapper.framework; path = Fabric.framework; sourceTree = "<group>"; };
		D38C9C561B821DA3009CFC7C /* Crashlytics.framework */ = {isa = PBXFileReference; lastKnownFileType = wrapper.framework; path = Crashlytics.framework; sourceTree = "<group>"; };
		D392FAD31B9B1BA800678B18 /* SettingsFriendsTableViewController.swift */ = {isa = PBXFileReference; fileEncoding = 4; lastKnownFileType = sourcecode.swift; name = SettingsFriendsTableViewController.swift; path = Views/SettingsFriendsTableViewController.swift; sourceTree = "<group>"; };
		D392FAD51B9B1C7E00678B18 /* SettingsInstructionsTableViewController.swift */ = {isa = PBXFileReference; fileEncoding = 4; lastKnownFileType = sourcecode.swift; name = SettingsInstructionsTableViewController.swift; path = Views/SettingsInstructionsTableViewController.swift; sourceTree = "<group>"; };
		D392FAD71B9B1D3600678B18 /* SettingsKeywordsTableViewController.swift */ = {isa = PBXFileReference; fileEncoding = 4; lastKnownFileType = sourcecode.swift; name = SettingsKeywordsTableViewController.swift; path = Views/SettingsKeywordsTableViewController.swift; sourceTree = "<group>"; };
		D392FAD91B9B1DFD00678B18 /* SettingsGeneralTableViewController.swift */ = {isa = PBXFileReference; fileEncoding = 4; lastKnownFileType = sourcecode.swift; name = SettingsGeneralTableViewController.swift; path = Views/SettingsGeneralTableViewController.swift; sourceTree = "<group>"; };
		D39AB89D1BA86D68001C7570 /* CalendarListPickerIC.swift */ = {isa = PBXFileReference; fileEncoding = 4; lastKnownFileType = sourcecode.swift; path = CalendarListPickerIC.swift; sourceTree = "<group>"; };
		D39AB89F1BA87679001C7570 /* SettingsCalendarTableRC.swift */ = {isa = PBXFileReference; fileEncoding = 4; lastKnownFileType = sourcecode.swift; path = SettingsCalendarTableRC.swift; sourceTree = "<group>"; };
		D3A0F9FB1B69F0BB00F1FEDA /* EventCode.swift */ = {isa = PBXFileReference; fileEncoding = 4; lastKnownFileType = sourcecode.swift; path = EventCode.swift; sourceTree = "<group>"; };
		D3B07A231B731C8800B9C2A9 /* Dictate.entitlements */ = {isa = PBXFileReference; lastKnownFileType = text.xml; path = Dictate.entitlements; sourceTree = "<group>"; };
		D3B07A241B731D2A00B9C2A9 /* Dictate WatchKit Extension.entitlements */ = {isa = PBXFileReference; lastKnownFileType = text.xml; path = "Dictate WatchKit Extension.entitlements"; sourceTree = "<group>"; };
		D3B6F5F81BA60B7E0052B639 /* DictateManagerIC.swift */ = {isa = PBXFileReference; fileEncoding = 4; lastKnownFileType = sourcecode.swift; path = DictateManagerIC.swift; sourceTree = "<group>"; };
		D3B7037F1B935AC200FA1DF0 /* SettingsReminderTableViewController.swift */ = {isa = PBXFileReference; fileEncoding = 4; lastKnownFileType = sourcecode.swift; name = SettingsReminderTableViewController.swift; path = Views/SettingsReminderTableViewController.swift; sourceTree = "<group>"; };
		D3B703811B94E90800FA1DF0 /* ReminderListTableViewController.swift */ = {isa = PBXFileReference; fileEncoding = 4; lastKnownFileType = sourcecode.swift; name = ReminderListTableViewController.swift; path = Views/ReminderListTableViewController.swift; sourceTree = "<group>"; };
		D3BD1BDD1B9F3CF10052A312 /* ReminderPickerTableViewController.swift */ = {isa = PBXFileReference; fileEncoding = 4; lastKnownFileType = sourcecode.swift; path = ReminderPickerTableViewController.swift; sourceTree = "<group>"; };
		D3D98AF31BA54D5B00BA1901 /* FavoritesManager.swift */ = {isa = PBXFileReference; fileEncoding = 4; lastKnownFileType = sourcecode.swift; name = FavoritesManager.swift; path = Manager/FavoritesManager.swift; sourceTree = "<group>"; };
		D3E810831B70F4BC004AE5A9 /* TodayIC.swift */ = {isa = PBXFileReference; fileEncoding = 4; lastKnownFileType = sourcecode.swift; path = TodayIC.swift; sourceTree = "<group>"; };
		D3E810871B70FEA0004AE5A9 /* SettingsIC.swift */ = {isa = PBXFileReference; fileEncoding = 4; lastKnownFileType = sourcecode.swift; path = SettingsIC.swift; sourceTree = "<group>"; };
		D3E810891B710690004AE5A9 /* ReminderListsIC.swift */ = {isa = PBXFileReference; fileEncoding = 4; lastKnownFileType = sourcecode.swift; path = ReminderListsIC.swift; sourceTree = "<group>"; };
		D3F8ACE51B696FB00070C097 /* Dictate.app */ = {isa = PBXFileReference; explicitFileType = wrapper.application; includeInIndex = 0; path = Dictate.app; sourceTree = BUILT_PRODUCTS_DIR; };
		D3F8ACE91B696FB00070C097 /* Info.plist */ = {isa = PBXFileReference; lastKnownFileType = text.plist.xml; path = Info.plist; sourceTree = "<group>"; };
		D3F8ACEA1B696FB00070C097 /* AppDelegate.swift */ = {isa = PBXFileReference; lastKnownFileType = sourcecode.swift; path = AppDelegate.swift; sourceTree = "<group>"; };
		D3F8ACEC1B696FB00070C097 /* ViewController.swift */ = {isa = PBXFileReference; lastKnownFileType = sourcecode.swift; path = ViewController.swift; sourceTree = "<group>"; };
		D3F8ACF11B696FB00070C097 /* Images.xcassets */ = {isa = PBXFileReference; lastKnownFileType = folder.assetcatalog; path = Images.xcassets; sourceTree = "<group>"; };
		D3F8ACF41B696FB00070C097 /* Base */ = {isa = PBXFileReference; lastKnownFileType = file.xib; name = Base; path = Base.lproj/LaunchScreen.xib; sourceTree = "<group>"; };
		D3F8ACFA1B696FB00070C097 /* DictateTests.xctest */ = {isa = PBXFileReference; explicitFileType = wrapper.cfbundle; includeInIndex = 0; path = DictateTests.xctest; sourceTree = BUILT_PRODUCTS_DIR; };
		D3F8ACFF1B696FB00070C097 /* Info.plist */ = {isa = PBXFileReference; lastKnownFileType = text.plist.xml; path = Info.plist; sourceTree = "<group>"; };
		D3F8AD001B696FB00070C097 /* DictateTests.swift */ = {isa = PBXFileReference; lastKnownFileType = sourcecode.swift; path = DictateTests.swift; sourceTree = "<group>"; };
		D3F8AD0E1B696FCD0070C097 /* Dictate WatchKit Extension.appex */ = {isa = PBXFileReference; explicitFileType = "wrapper.app-extension"; includeInIndex = 0; path = "Dictate WatchKit Extension.appex"; sourceTree = BUILT_PRODUCTS_DIR; };
		D3F8AD111B696FCD0070C097 /* Info.plist */ = {isa = PBXFileReference; lastKnownFileType = text.plist.xml; path = Info.plist; sourceTree = "<group>"; };
		D3F8AD121B696FCD0070C097 /* PushNotificationPayload.apns */ = {isa = PBXFileReference; lastKnownFileType = text; path = PushNotificationPayload.apns; sourceTree = "<group>"; };
		D3F8AD131B696FCD0070C097 /* MainIC.swift */ = {isa = PBXFileReference; lastKnownFileType = sourcecode.swift; name = MainIC.swift; path = "../Dictate WatchKit Extension/MainIC.swift"; sourceTree = "<group>"; };
		D3F8AD151B696FCD0070C097 /* NotificationController.swift */ = {isa = PBXFileReference; lastKnownFileType = sourcecode.swift; path = NotificationController.swift; sourceTree = "<group>"; };
		D3F8AD171B696FCD0070C097 /* GlanceController.swift */ = {isa = PBXFileReference; lastKnownFileType = sourcecode.swift; path = GlanceController.swift; sourceTree = "<group>"; };
		D3F8AD191B696FCD0070C097 /* Images.xcassets */ = {isa = PBXFileReference; lastKnownFileType = folder.assetcatalog; path = Images.xcassets; sourceTree = "<group>"; };
		D3F8AD1D1B696FCD0070C097 /* Dictate WatchKit App.app */ = {isa = PBXFileReference; explicitFileType = wrapper.application; includeInIndex = 0; path = "Dictate WatchKit App.app"; sourceTree = BUILT_PRODUCTS_DIR; };
		D3F8AD231B696FCD0070C097 /* Info.plist */ = {isa = PBXFileReference; lastKnownFileType = text.plist.xml; path = Info.plist; sourceTree = "<group>"; };
		D3F8AD251B696FCE0070C097 /* Base */ = {isa = PBXFileReference; lastKnownFileType = file.storyboard; name = Base; path = Base.lproj/Interface.storyboard; sourceTree = "<group>"; };
		D3F8AD271B696FCE0070C097 /* Images.xcassets */ = {isa = PBXFileReference; lastKnownFileType = folder.assetcatalog; path = Images.xcassets; sourceTree = "<group>"; };
		D3FA08041BA7F6EB006A91C2 /* ReminderListsTableRC.swift */ = {isa = PBXFileReference; fileEncoding = 4; lastKnownFileType = sourcecode.swift; path = ReminderListsTableRC.swift; sourceTree = "<group>"; };
		EC0B487D1B6FE9B800C0AD82 /* libsqlite3.0.dylib */ = {isa = PBXFileReference; lastKnownFileType = "compiled.mach-o.dylib"; name = libsqlite3.0.dylib; path = usr/lib/libsqlite3.0.dylib; sourceTree = SDKROOT; };
		EC0B487F1B6FE9C700C0AD82 /* CFNetwork.framework */ = {isa = PBXFileReference; lastKnownFileType = wrapper.framework; name = CFNetwork.framework; path = System/Library/Frameworks/CFNetwork.framework; sourceTree = SDKROOT; };
		EC0B48811B6FE9D300C0AD82 /* Security.framework */ = {isa = PBXFileReference; lastKnownFileType = wrapper.framework; name = Security.framework; path = System/Library/Frameworks/Security.framework; sourceTree = SDKROOT; };
		EC0B48831B6FE9DF00C0AD82 /* QuartzCore.framework */ = {isa = PBXFileReference; lastKnownFileType = wrapper.framework; name = QuartzCore.framework; path = System/Library/Frameworks/QuartzCore.framework; sourceTree = SDKROOT; };
		EC0B48851B6FE9EB00C0AD82 /* SystemConfiguration.framework */ = {isa = PBXFileReference; lastKnownFileType = wrapper.framework; name = SystemConfiguration.framework; path = System/Library/Frameworks/SystemConfiguration.framework; sourceTree = SDKROOT; };
		EC0B48871B6FE9F600C0AD82 /* CoreLocation.framework */ = {isa = PBXFileReference; lastKnownFileType = wrapper.framework; name = CoreLocation.framework; path = System/Library/Frameworks/CoreLocation.framework; sourceTree = SDKROOT; };
		EC0B48891B6FE9FF00C0AD82 /* AudioToolbox.framework */ = {isa = PBXFileReference; lastKnownFileType = wrapper.framework; name = AudioToolbox.framework; path = System/Library/Frameworks/AudioToolbox.framework; sourceTree = SDKROOT; };
		EC0B488B1B6FEA0A00C0AD82 /* libdyld.dylib */ = {isa = PBXFileReference; lastKnownFileType = "compiled.mach-o.dylib"; name = libdyld.dylib; path = usr/lib/system/libdyld.dylib; sourceTree = SDKROOT; };
		EC0B488D1B6FEA1F00C0AD82 /* CoreGraphics.framework */ = {isa = PBXFileReference; lastKnownFileType = wrapper.framework; name = CoreGraphics.framework; path = System/Library/Frameworks/CoreGraphics.framework; sourceTree = SDKROOT; };
		EC0B48911B6FEAC400C0AD82 /* Bolts.framework */ = {isa = PBXFileReference; lastKnownFileType = wrapper.framework; path = Bolts.framework; sourceTree = "<group>"; };
		EC0B48921B6FEAC400C0AD82 /* Parse.framework */ = {isa = PBXFileReference; lastKnownFileType = wrapper.framework; path = Parse.framework; sourceTree = "<group>"; };
		EC82CF611BAAE26F00722611 /* UILabel+WhiteUIDatePickerLabel.h */ = {isa = PBXFileReference; fileEncoding = 4; lastKnownFileType = sourcecode.c.h; name = "UILabel+WhiteUIDatePickerLabel.h"; path = "Externals/UILabel+WhiteUIDatePickerLabel.h"; sourceTree = "<group>"; };
		EC82CF621BAAE26F00722611 /* UILabel+WhiteUIDatePickerLabel.m */ = {isa = PBXFileReference; fileEncoding = 4; lastKnownFileType = sourcecode.c.objc; name = "UILabel+WhiteUIDatePickerLabel.m"; path = "Externals/UILabel+WhiteUIDatePickerLabel.m"; sourceTree = "<group>"; };
		ECB861DC1B77DBB700503C50 /* Constants.swift */ = {isa = PBXFileReference; fileEncoding = 4; lastKnownFileType = sourcecode.swift; name = Constants.swift; path = Utils/Constants.swift; sourceTree = "<group>"; };
		ECB861DD1B77DBB700503C50 /* General.swift */ = {isa = PBXFileReference; fileEncoding = 4; lastKnownFileType = sourcecode.swift; name = General.swift; path = Utils/General.swift; sourceTree = "<group>"; };
		ECB861DE1B77DBB700503C50 /* SwiftColors.swift */ = {isa = PBXFileReference; fileEncoding = 4; lastKnownFileType = sourcecode.swift; name = SwiftColors.swift; path = Utils/SwiftColors.swift; sourceTree = "<group>"; };
		ECB861DF1B77DBB700503C50 /* Utility.swift */ = {isa = PBXFileReference; fileEncoding = 4; lastKnownFileType = sourcecode.swift; name = Utility.swift; path = Utils/Utility.swift; sourceTree = "<group>"; };
		ECB861E61B77DCB000503C50 /* 122-whoosh03.mp3 */ = {isa = PBXFileReference; lastKnownFileType = audio.mp3; path = "122-whoosh03.mp3"; sourceTree = "<group>"; };
		ECB861E71B77DCB000503C50 /* 124-DeleteWhoosh.mp3 */ = {isa = PBXFileReference; lastKnownFileType = audio.mp3; path = "124-DeleteWhoosh.mp3"; sourceTree = "<group>"; };
		ECB861E81B77DCB000503C50 /* 212-buttonclick52.mp3 */ = {isa = PBXFileReference; lastKnownFileType = audio.mp3; path = "212-buttonclick52.mp3"; sourceTree = "<group>"; };
		ECB861E91B77DCB000503C50 /* 217-buttonclick03.mp3 */ = {isa = PBXFileReference; lastKnownFileType = audio.mp3; path = "217-buttonclick03.mp3"; sourceTree = "<group>"; };
		ECB861EA1B77DCB000503C50 /* 218-buttonclick54.mp3 */ = {isa = PBXFileReference; lastKnownFileType = audio.mp3; path = "218-buttonclick54.mp3"; sourceTree = "<group>"; };
		ECB861EB1B77DCB000503C50 /* 262-buttonclick57.mp3 */ = {isa = PBXFileReference; lastKnownFileType = audio.mp3; path = "262-buttonclick57.mp3"; sourceTree = "<group>"; };
		ECB861EC1B77DCB000503C50 /* 289-SimpleBeep.mp3 */ = {isa = PBXFileReference; lastKnownFileType = audio.mp3; path = "289-SimpleBeep.mp3"; sourceTree = "<group>"; };
		ECB861ED1B77DCB000503C50 /* beep-08b.mp3 */ = {isa = PBXFileReference; lastKnownFileType = audio.mp3; path = "beep-08b.mp3"; sourceTree = "<group>"; };
		ECB861EE1B77DCB000503C50 /* Beep2.mp3 */ = {isa = PBXFileReference; lastKnownFileType = audio.mp3; path = Beep2.mp3; sourceTree = "<group>"; };
		ECB861EF1B77DCB000503C50 /* button-14.mp3 */ = {isa = PBXFileReference; lastKnownFileType = audio.mp3; path = "button-14.mp3"; sourceTree = "<group>"; };
		ECB861F01B77DCB000503C50 /* button-43.mp3 */ = {isa = PBXFileReference; lastKnownFileType = audio.mp3; path = "button-43.mp3"; sourceTree = "<group>"; };
		ECB861F11B77DCB000503C50 /* se_tap.m4a */ = {isa = PBXFileReference; lastKnownFileType = file; path = se_tap.m4a; sourceTree = "<group>"; };
		ECB861FF1B77DD4000503C50 /* Dictate-Bridging-Header.h */ = {isa = PBXFileReference; lastKnownFileType = sourcecode.c.h; path = "Dictate-Bridging-Header.h"; sourceTree = "<group>"; };
		ECB862001B77DD4100503C50 /* TodayViewController.h */ = {isa = PBXFileReference; fileEncoding = 4; lastKnownFileType = sourcecode.c.h; path = TodayViewController.h; sourceTree = "<group>"; };
		ECB862011B77DD4100503C50 /* TodayViewController.m */ = {isa = PBXFileReference; fileEncoding = 4; lastKnownFileType = sourcecode.c.objc; path = TodayViewController.m; sourceTree = "<group>"; };
		ECB862031B77DEBD00503C50 /* CALEventManager.h */ = {isa = PBXFileReference; fileEncoding = 4; lastKnownFileType = sourcecode.c.h; name = CALEventManager.h; path = Externals/CALEventManager.h; sourceTree = "<group>"; };
		ECB862041B77DEBD00503C50 /* CALEventManager.m */ = {isa = PBXFileReference; fileEncoding = 4; lastKnownFileType = sourcecode.c.objc; name = CALEventManager.m; path = Externals/CALEventManager.m; sourceTree = "<group>"; };
		ECB862061B77DEBD00503C50 /* JTCalendar.h */ = {isa = PBXFileReference; fileEncoding = 4; lastKnownFileType = sourcecode.c.h; path = JTCalendar.h; sourceTree = "<group>"; };
		ECB862071B77DEBD00503C50 /* JTCalendarDelegate.h */ = {isa = PBXFileReference; fileEncoding = 4; lastKnownFileType = sourcecode.c.h; path = JTCalendarDelegate.h; sourceTree = "<group>"; };
		ECB862081B77DEBD00503C50 /* JTCalendarManager.h */ = {isa = PBXFileReference; fileEncoding = 4; lastKnownFileType = sourcecode.c.h; path = JTCalendarManager.h; sourceTree = "<group>"; };
		ECB862091B77DEBD00503C50 /* JTCalendarManager.m */ = {isa = PBXFileReference; fileEncoding = 4; lastKnownFileType = sourcecode.c.objc; path = JTCalendarManager.m; sourceTree = "<group>"; };
		ECB8620A1B77DEBD00503C50 /* JTCalendarSettings.h */ = {isa = PBXFileReference; fileEncoding = 4; lastKnownFileType = sourcecode.c.h; path = JTCalendarSettings.h; sourceTree = "<group>"; };
		ECB8620B1B77DEBD00503C50 /* JTCalendarSettings.m */ = {isa = PBXFileReference; fileEncoding = 4; lastKnownFileType = sourcecode.c.objc; path = JTCalendarSettings.m; sourceTree = "<group>"; };
		ECB8620C1B77DEBD00503C50 /* JTDateHelper.h */ = {isa = PBXFileReference; fileEncoding = 4; lastKnownFileType = sourcecode.c.h; path = JTDateHelper.h; sourceTree = "<group>"; };
		ECB8620D1B77DEBD00503C50 /* JTDateHelper.m */ = {isa = PBXFileReference; fileEncoding = 4; lastKnownFileType = sourcecode.c.objc; path = JTDateHelper.m; sourceTree = "<group>"; };
		ECB8620F1B77DEBD00503C50 /* JTCalendarDelegateManager.h */ = {isa = PBXFileReference; fileEncoding = 4; lastKnownFileType = sourcecode.c.h; path = JTCalendarDelegateManager.h; sourceTree = "<group>"; };
		ECB862101B77DEBD00503C50 /* JTCalendarDelegateManager.m */ = {isa = PBXFileReference; fileEncoding = 4; lastKnownFileType = sourcecode.c.objc; path = JTCalendarDelegateManager.m; sourceTree = "<group>"; };
		ECB862111B77DEBD00503C50 /* JTCalendarScrollManager.h */ = {isa = PBXFileReference; fileEncoding = 4; lastKnownFileType = sourcecode.c.h; path = JTCalendarScrollManager.h; sourceTree = "<group>"; };
		ECB862121B77DEBD00503C50 /* JTCalendarScrollManager.m */ = {isa = PBXFileReference; fileEncoding = 4; lastKnownFileType = sourcecode.c.objc; path = JTCalendarScrollManager.m; sourceTree = "<group>"; };
		ECB862141B77DEBD00503C50 /* JTCalendarDay.h */ = {isa = PBXFileReference; fileEncoding = 4; lastKnownFileType = sourcecode.c.h; path = JTCalendarDay.h; sourceTree = "<group>"; };
		ECB862151B77DEBD00503C50 /* JTCalendarPage.h */ = {isa = PBXFileReference; fileEncoding = 4; lastKnownFileType = sourcecode.c.h; path = JTCalendarPage.h; sourceTree = "<group>"; };
		ECB862161B77DEBD00503C50 /* JTCalendarWeek.h */ = {isa = PBXFileReference; fileEncoding = 4; lastKnownFileType = sourcecode.c.h; path = JTCalendarWeek.h; sourceTree = "<group>"; };
		ECB862171B77DEBD00503C50 /* JTCalendarWeekDay.h */ = {isa = PBXFileReference; fileEncoding = 4; lastKnownFileType = sourcecode.c.h; path = JTCalendarWeekDay.h; sourceTree = "<group>"; };
		ECB862181B77DEBD00503C50 /* JTContent.h */ = {isa = PBXFileReference; fileEncoding = 4; lastKnownFileType = sourcecode.c.h; path = JTContent.h; sourceTree = "<group>"; };
		ECB862191B77DEBD00503C50 /* JTMenu.h */ = {isa = PBXFileReference; fileEncoding = 4; lastKnownFileType = sourcecode.c.h; path = JTMenu.h; sourceTree = "<group>"; };
		ECB8621B1B77DEBD00503C50 /* JTCalendarDayView.h */ = {isa = PBXFileReference; fileEncoding = 4; lastKnownFileType = sourcecode.c.h; path = JTCalendarDayView.h; sourceTree = "<group>"; };
		ECB8621C1B77DEBD00503C50 /* JTCalendarDayView.m */ = {isa = PBXFileReference; fileEncoding = 4; lastKnownFileType = sourcecode.c.objc; path = JTCalendarDayView.m; sourceTree = "<group>"; };
		ECB8621D1B77DEBD00503C50 /* JTCalendarMenuView.h */ = {isa = PBXFileReference; fileEncoding = 4; lastKnownFileType = sourcecode.c.h; path = JTCalendarMenuView.h; sourceTree = "<group>"; };
		ECB8621E1B77DEBD00503C50 /* JTCalendarMenuView.m */ = {isa = PBXFileReference; fileEncoding = 4; lastKnownFileType = sourcecode.c.objc; path = JTCalendarMenuView.m; sourceTree = "<group>"; };
		ECB8621F1B77DEBD00503C50 /* JTCalendarPageView.h */ = {isa = PBXFileReference; fileEncoding = 4; lastKnownFileType = sourcecode.c.h; path = JTCalendarPageView.h; sourceTree = "<group>"; };
		ECB862201B77DEBD00503C50 /* JTCalendarPageView.m */ = {isa = PBXFileReference; fileEncoding = 4; lastKnownFileType = sourcecode.c.objc; path = JTCalendarPageView.m; sourceTree = "<group>"; };
		ECB862211B77DEBD00503C50 /* JTCalendarWeekDayView.h */ = {isa = PBXFileReference; fileEncoding = 4; lastKnownFileType = sourcecode.c.h; path = JTCalendarWeekDayView.h; sourceTree = "<group>"; };
		ECB862221B77DEBD00503C50 /* JTCalendarWeekDayView.m */ = {isa = PBXFileReference; fileEncoding = 4; lastKnownFileType = sourcecode.c.objc; path = JTCalendarWeekDayView.m; sourceTree = "<group>"; };
		ECB862231B77DEBD00503C50 /* JTCalendarWeekView.h */ = {isa = PBXFileReference; fileEncoding = 4; lastKnownFileType = sourcecode.c.h; path = JTCalendarWeekView.h; sourceTree = "<group>"; };
		ECB862241B77DEBD00503C50 /* JTCalendarWeekView.m */ = {isa = PBXFileReference; fileEncoding = 4; lastKnownFileType = sourcecode.c.objc; path = JTCalendarWeekView.m; sourceTree = "<group>"; };
		ECB862251B77DEBD00503C50 /* JTHorizontalCalendarView.h */ = {isa = PBXFileReference; fileEncoding = 4; lastKnownFileType = sourcecode.c.h; path = JTHorizontalCalendarView.h; sourceTree = "<group>"; };
		ECB862261B77DEBD00503C50 /* JTHorizontalCalendarView.m */ = {isa = PBXFileReference; fileEncoding = 4; lastKnownFileType = sourcecode.c.objc; path = JTHorizontalCalendarView.m; sourceTree = "<group>"; };
		ECB862271B77DEBD00503C50 /* JTVerticalCalendarView.h */ = {isa = PBXFileReference; fileEncoding = 4; lastKnownFileType = sourcecode.c.h; path = JTVerticalCalendarView.h; sourceTree = "<group>"; };
		ECB862281B77DEBD00503C50 /* JTVerticalCalendarView.m */ = {isa = PBXFileReference; fileEncoding = 4; lastKnownFileType = sourcecode.c.objc; path = JTVerticalCalendarView.m; sourceTree = "<group>"; };
		ECB862291B77DEBD00503C50 /* NSDate+CALAddition.h */ = {isa = PBXFileReference; fileEncoding = 4; lastKnownFileType = sourcecode.c.h; name = "NSDate+CALAddition.h"; path = "Externals/NSDate+CALAddition.h"; sourceTree = "<group>"; };
		ECB8622A1B77DEBD00503C50 /* NSDate+CALAddition.m */ = {isa = PBXFileReference; fileEncoding = 4; lastKnownFileType = sourcecode.c.objc; name = "NSDate+CALAddition.m"; path = "Externals/NSDate+CALAddition.m"; sourceTree = "<group>"; };
		ECF240441B9AFBF3002BFBAE /* ReminderEditorViewController.h */ = {isa = PBXFileReference; fileEncoding = 4; lastKnownFileType = sourcecode.c.h; path = ReminderEditorViewController.h; sourceTree = "<group>"; };
		ECF240451B9AFBF3002BFBAE /* ReminderEditorViewController.m */ = {isa = PBXFileReference; fileEncoding = 4; lastKnownFileType = sourcecode.c.objc; path = ReminderEditorViewController.m; sourceTree = "<group>"; };
		ECF240471B9C947E002BFBAE /* DateTableViewCell.swift */ = {isa = PBXFileReference; fileEncoding = 4; lastKnownFileType = sourcecode.swift; name = DateTableViewCell.swift; path = Views/DateTableViewCell.swift; sourceTree = "<group>"; };
		ECF2404C1B9DFF7F002BFBAE /* CalendarSelectionViewController.swift */ = {isa = PBXFileReference; fileEncoding = 4; lastKnownFileType = sourcecode.swift; path = CalendarSelectionViewController.swift; sourceTree = "<group>"; };
		ECF2404E1BA13786002BFBAE /* DataManager.swift */ = {isa = PBXFileReference; fileEncoding = 4; lastKnownFileType = sourcecode.swift; name = DataManager.swift; path = Manager/DataManager.swift; sourceTree = "<group>"; };
		ECF8185D1B83B7E10087ECAD /* CheckBox.swift */ = {isa = PBXFileReference; fileEncoding = 4; lastKnownFileType = sourcecode.swift; name = CheckBox.swift; path = Views/CheckBox.swift; sourceTree = "<group>"; };
		ECF8185E1B83B7E10087ECAD /* CheckBoxLayer.swift */ = {isa = PBXFileReference; fileEncoding = 4; lastKnownFileType = sourcecode.swift; name = CheckBoxLayer.swift; path = Views/CheckBoxLayer.swift; sourceTree = "<group>"; };
		ECF818621B84FAB70087ECAD /* ReminderManager.swift */ = {isa = PBXFileReference; fileEncoding = 4; lastKnownFileType = sourcecode.swift; name = ReminderManager.swift; path = Manager/ReminderManager.swift; sourceTree = "<group>"; };
		ECF818641B8519F80087ECAD /* BFPaperCheckbox.h */ = {isa = PBXFileReference; fileEncoding = 4; lastKnownFileType = sourcecode.c.h; path = BFPaperCheckbox.h; sourceTree = "<group>"; };
		ECF818651B8519F80087ECAD /* BFPaperCheckbox.m */ = {isa = PBXFileReference; fileEncoding = 4; lastKnownFileType = sourcecode.c.objc; path = BFPaperCheckbox.m; sourceTree = "<group>"; };
		ECF818671B851B830087ECAD /* UIColor+BFPaperColors.h */ = {isa = PBXFileReference; fileEncoding = 4; lastKnownFileType = sourcecode.c.h; path = "UIColor+BFPaperColors.h"; sourceTree = "<group>"; };
		ECF818681B851B830087ECAD /* UIColor+BFPaperColors.m */ = {isa = PBXFileReference; fileEncoding = 4; lastKnownFileType = sourcecode.c.objc; path = "UIColor+BFPaperColors.m"; sourceTree = "<group>"; };
/* End PBXFileReference section */

/* Begin PBXFrameworksBuildPhase section */
		D3F8ACE21B696FB00070C097 /* Frameworks */ = {
			isa = PBXFrameworksBuildPhase;
			buildActionMask = 2147483647;
			files = (
				EC0B488A1B6FE9FF00C0AD82 /* AudioToolbox.framework in Frameworks */,
				EC0B48931B6FEAC400C0AD82 /* Bolts.framework in Frameworks */,
				EC0B48941B6FEAC400C0AD82 /* Parse.framework in Frameworks */,
				EC0B488E1B6FEA1F00C0AD82 /* CoreGraphics.framework in Frameworks */,
				EC0B48881B6FE9F600C0AD82 /* CoreLocation.framework in Frameworks */,
				EC0B48861B6FE9EB00C0AD82 /* SystemConfiguration.framework in Frameworks */,
				EC0B48841B6FE9DF00C0AD82 /* QuartzCore.framework in Frameworks */,
				EC0B48821B6FE9D300C0AD82 /* Security.framework in Frameworks */,
				EC0B48801B6FE9C700C0AD82 /* CFNetwork.framework in Frameworks */,
				EC0B487E1B6FE9B800C0AD82 /* libsqlite3.0.dylib in Frameworks */,
				D38C9C591B821DA3009CFC7C /* Crashlytics.framework in Frameworks */,
				D38C9C571B821DA3009CFC7C /* Fabric.framework in Frameworks */,
			);
			runOnlyForDeploymentPostprocessing = 0;
		};
		D3F8ACF71B696FB00070C097 /* Frameworks */ = {
			isa = PBXFrameworksBuildPhase;
			buildActionMask = 2147483647;
			files = (
			);
			runOnlyForDeploymentPostprocessing = 0;
		};
		D3F8AD0B1B696FCD0070C097 /* Frameworks */ = {
			isa = PBXFrameworksBuildPhase;
			buildActionMask = 2147483647;
			files = (
				D38C9C581B821DA3009CFC7C /* Fabric.framework in Frameworks */,
				D3E8FE8D1B73ABE50050A37C /* Security.framework in Frameworks */,
				D38C9C5A1B821DA3009CFC7C /* Crashlytics.framework in Frameworks */,
				D3E8FE8C1B73ABDB0050A37C /* SystemConfiguration.framework in Frameworks */,
				D3E8FE8B1B73ABB00050A37C /* libsqlite3.0.dylib in Frameworks */,
				D3E8FE8A1B73AB680050A37C /* AudioToolbox.framework in Frameworks */,
				EC0B48951B6FEBA600C0AD82 /* Bolts.framework in Frameworks */,
				EC0B48961B6FEBA600C0AD82 /* Parse.framework in Frameworks */,
			);
			runOnlyForDeploymentPostprocessing = 0;
		};
/* End PBXFrameworksBuildPhase section */

/* Begin PBXGroup section */
		D32350571B6977F100939F03 /* Classes */ = {
			isa = PBXGroup;
			children = (
				D3F8ACEA1B696FB00070C097 /* AppDelegate.swift */,
				D323505B1B69783F00939F03 /* External */,
				D32350581B69782600939F03 /* Models */,
				D32350591B69782D00939F03 /* Views */,
				ECF818611B84FA7A0087ECAD /* Managers */,
				D323505A1B69783400939F03 /* Controllers */,
				D323505C1B69784500939F03 /* Utils */,
			);
			name = Classes;
			sourceTree = "<group>";
		};
		D32350581B69782600939F03 /* Models */ = {
			isa = PBXGroup;
			children = (
				D323505D1B697B0200939F03 /* DictateCode.swift */,
				D32350611B69828900939F03 /* ReminderCode.swift */,
				D3188A681B6E9AA700323DC0 /* MailComposer3.swift */,
				D3188A6B1B6E9ADB00323DC0 /* MailComposer.swift */,
				D3188A6E1B6E9AE400323DC0 /* MessageCode.swift */,
				D3188A711B6E9AEE00323DC0 /* MessageComposer.swift */,
			);
			name = Models;
			sourceTree = "<group>";
		};
		D32350591B69782D00939F03 /* Views */ = {
			isa = PBXGroup;
			children = (
				ECF8185D1B83B7E10087ECAD /* CheckBox.swift */,
				ECF8185E1B83B7E10087ECAD /* CheckBoxLayer.swift */,
				D3188A741B6E9B1500323DC0 /* CustomTableViewCell.xib */,
				D3188A761B6E9B2600323DC0 /* TableCell.swift */,
				D3188A781B6E9B4200323DC0 /* ToDoTableCell.swift */,
				D3188A7A1B6E9B4B00323DC0 /* ToDoTableViewCell.xib */,
				ECF240471B9C947E002BFBAE /* DateTableViewCell.swift */,
			);
			name = Views;
			sourceTree = "<group>";
		};
		D323505A1B69783400939F03 /* Controllers */ = {
			isa = PBXGroup;
			children = (
				D33C13C01B8C480500470F8F /* Settings */,
				EC82CF641BAAE6EE00722611 /* Reminder */,
				D3188A7C1B6E9B7700323DC0 /* ViewControllerDictate.swift */,
				D3188A7E1B6E9B7F00323DC0 /* LoginViewController.swift */,
				D3F8ACEC1B696FB00070C097 /* ViewController.swift */,
				D3188A801B6E9B9900323DC0 /* tabBarController.swift */,
				D3188A821B6E9BD500323DC0 /* PrefsTableVC.swift */,
				D3188A841B6E9BED00323DC0 /* PrefsTempVC.swift */,
				D3B703811B94E90800FA1DF0 /* ReminderListTableViewController.swift */,
				D3188A861B6E9BF900323DC0 /* vcTest1.swift */,
				D33C13BA1B8C1EC900470F8F /* ToDoMenuViewController.swift */,
				D3188A8A1B6E9C1100323DC0 /* vcTodayTable.swift */,
				ECB862001B77DD4100503C50 /* TodayViewController.h */,
				ECB862011B77DD4100503C50 /* TodayViewController.m */,
				ECF2404C1B9DFF7F002BFBAE /* CalendarSelectionViewController.swift */,
				ECB861FF1B77DD4000503C50 /* Dictate-Bridging-Header.h */,
			);
			name = Controllers;
			sourceTree = "<group>";
		};
		D323505B1B69783F00939F03 /* External */ = {
			isa = PBXGroup;
			children = (
				ECB862051B77DEBD00503C50 /* JTCalendar */,
				ECB862031B77DEBD00503C50 /* CALEventManager.h */,
				EC82CF611BAAE26F00722611 /* UILabel+WhiteUIDatePickerLabel.h */,
				EC82CF621BAAE26F00722611 /* UILabel+WhiteUIDatePickerLabel.m */,
				ECB862041B77DEBD00503C50 /* CALEventManager.m */,
				ECB862291B77DEBD00503C50 /* NSDate+CALAddition.h */,
				ECB8622A1B77DEBD00503C50 /* NSDate+CALAddition.m */,
				ECF818641B8519F80087ECAD /* BFPaperCheckbox.h */,
				ECF818651B8519F80087ECAD /* BFPaperCheckbox.m */,
				ECF818671B851B830087ECAD /* UIColor+BFPaperColors.h */,
				ECF818681B851B830087ECAD /* UIColor+BFPaperColors.m */,
			);
			name = External;
			sourceTree = "<group>";
		};
		D323505C1B69784500939F03 /* Utils */ = {
			isa = PBXGroup;
			children = (
				ECB861DC1B77DBB700503C50 /* Constants.swift */,
				ECB861DD1B77DBB700503C50 /* General.swift */,
				ECB861DE1B77DBB700503C50 /* SwiftColors.swift */,
				ECB861DF1B77DBB700503C50 /* Utility.swift */,
			);
			name = Utils;
			sourceTree = "<group>";
		};
		D32350601B697B9D00939F03 /* Frameworks */ = {
			isa = PBXGroup;
			children = (
				D38C9C551B821DA3009CFC7C /* Fabric.framework */,
				D38C9C561B821DA3009CFC7C /* Crashlytics.framework */,
				EC0B48911B6FEAC400C0AD82 /* Bolts.framework */,
				EC0B48921B6FEAC400C0AD82 /* Parse.framework */,
				EC0B488D1B6FEA1F00C0AD82 /* CoreGraphics.framework */,
				EC0B488B1B6FEA0A00C0AD82 /* libdyld.dylib */,
				EC0B48891B6FE9FF00C0AD82 /* AudioToolbox.framework */,
				EC0B48871B6FE9F600C0AD82 /* CoreLocation.framework */,
				EC0B48851B6FE9EB00C0AD82 /* SystemConfiguration.framework */,
				EC0B48831B6FE9DF00C0AD82 /* QuartzCore.framework */,
				EC0B48811B6FE9D300C0AD82 /* Security.framework */,
				EC0B487F1B6FE9C700C0AD82 /* CFNetwork.framework */,
				EC0B487D1B6FE9B800C0AD82 /* libsqlite3.0.dylib */,
			);
			name = Frameworks;
			sourceTree = "<group>";
		};
		D33C13C01B8C480500470F8F /* Settings */ = {
			isa = PBXGroup;
			children = (
				D33C13BC1B8C3CCB00470F8F /* SettingsTableViewController.swift */,
				D33C13BE1B8C47E800470F8F /* SettingsCalendarTableViewController.swift */,
				D3795E791B8DF927009D3DB5 /* SettingsEventTableViewController.swift */,
				D3B7037F1B935AC200FA1DF0 /* SettingsReminderTableViewController.swift */,
				D3BD1BDD1B9F3CF10052A312 /* ReminderPickerTableViewController.swift */,
				D31CB4AF1BA2897500EC5418 /* CalendarPickerTableViewController.swift */,
				D392FAD31B9B1BA800678B18 /* SettingsFriendsTableViewController.swift */,
				D392FAD51B9B1C7E00678B18 /* SettingsInstructionsTableViewController.swift */,
				D392FAD71B9B1D3600678B18 /* SettingsKeywordsTableViewController.swift */,
				D392FAD91B9B1DFD00678B18 /* SettingsGeneralTableViewController.swift */,
				D3089C641BA2713B00C58D6D /* SettingsReminderListTableViewCell.swift */,
				D31CB4B11BA28A1800EC5418 /* SettingsCalendarListTableViewCell.swift */,
			);
			name = Settings;
			sourceTree = "<group>";
		};
		D33CAD091B747F0900F59260 /* Resources */ = {
			isa = PBXGroup;
			children = (
				D33CAD0A1B747F2900F59260 /* sounds */,
			);
			name = Resources;
			sourceTree = "<group>";
		};
		D33CAD0A1B747F2900F59260 /* sounds */ = {
			isa = PBXGroup;
			children = (
				D33CAD031B74773500F59260 /* button-14.mp3 */,
				D33CAD061B747EBE00F59260 /* se_tap.m4a */,
			);
			name = sounds;
			sourceTree = "<group>";
		};
		D3AEE68F1BA5C8AC004363C9 /* Settings */ = {
			isa = PBXGroup;
			children = (
				D3E810871B70FEA0004AE5A9 /* SettingsIC.swift */,
				D34395711BA32964002D98EA /* ReminderListPickerIC.swift */,
				D343956D1BA326E6002D98EA /* SettingsReminderTableRC.swift */,
				D39AB89D1BA86D68001C7570 /* CalendarListPickerIC.swift */,
				D39AB89F1BA87679001C7570 /* SettingsCalendarTableRC.swift */,
			);
			name = Settings;
			sourceTree = "<group>";
		};
		D3B6F5F71BA607830052B639 /* Managers */ = {
			isa = PBXGroup;
			children = (
				D3B6F5F81BA60B7E0052B639 /* DictateManagerIC.swift */,
			);
			name = Managers;
			sourceTree = "<group>";
		};
		D3E810861B70F4D6004AE5A9 /* WKControllers */ = {
			isa = PBXGroup;
			children = (
				D3B6F5F71BA607830052B639 /* Managers */,
				D3AEE68F1BA5C8AC004363C9 /* Settings */,
				D3F8AD131B696FCD0070C097 /* MainIC.swift */,
				D3E810891B710690004AE5A9 /* ReminderListsIC.swift */,
				D3FA08041BA7F6EB006A91C2 /* ReminderListsTableRC.swift */,
				D35588BB1BA937D20052892F /* ReminderItemsIC.swift */,
				D35588BD1BA938A00052892F /* ReminderItemsTableRC.swift */,
				D3E810831B70F4BC004AE5A9 /* TodayIC.swift */,
			);
			name = WKControllers;
			path = "../Dictate WatchKit App";
			sourceTree = "<group>";
		};
		D3F8ACDC1B696FB00070C097 = {
			isa = PBXGroup;
			children = (
				D3F8ACE71B696FB00070C097 /* Dictate */,
				D3F8AD211B696FCD0070C097 /* Dictate WatchKit App */,
				D3F8AD0F1B696FCD0070C097 /* Dictate WatchKit Extension */,
				D3F8ACFD1B696FB00070C097 /* DictateTests */,
				D3F8ACE61B696FB00070C097 /* Products */,
			);
			sourceTree = "<group>";
		};
		D3F8ACE61B696FB00070C097 /* Products */ = {
			isa = PBXGroup;
			children = (
				D3F8ACE51B696FB00070C097 /* Dictate.app */,
				D3F8ACFA1B696FB00070C097 /* DictateTests.xctest */,
				D3F8AD0E1B696FCD0070C097 /* Dictate WatchKit Extension.appex */,
				D3F8AD1D1B696FCD0070C097 /* Dictate WatchKit App.app */,
			);
			name = Products;
			sourceTree = "<group>";
		};
		D3F8ACE71B696FB00070C097 /* Dictate */ = {
			isa = PBXGroup;
			children = (
				D3B07A231B731C8800B9C2A9 /* Dictate.entitlements */,
				D32350571B6977F100939F03 /* Classes */,
				D3F8ACF31B696FB00070C097 /* LaunchScreen.xib */,
				D355D97B1BA7DD3F00DADD72 /* Main.storyboard */,
				D3F8ACF11B696FB00070C097 /* Images.xcassets */,
				ECB861E41B77DBFF00503C50 /* Resources */,
				D32350601B697B9D00939F03 /* Frameworks */,
				D3F8ACE81B696FB00070C097 /* Supporting Files */,
			);
			path = Dictate;
			sourceTree = "<group>";
		};
		D3F8ACE81B696FB00070C097 /* Supporting Files */ = {
			isa = PBXGroup;
			children = (
				D3F8ACE91B696FB00070C097 /* Info.plist */,
			);
			name = "Supporting Files";
			sourceTree = "<group>";
		};
		D3F8ACFD1B696FB00070C097 /* DictateTests */ = {
			isa = PBXGroup;
			children = (
				D3F8AD001B696FB00070C097 /* DictateTests.swift */,
				D3F8ACFE1B696FB00070C097 /* Supporting Files */,
			);
			path = DictateTests;
			sourceTree = "<group>";
		};
		D3F8ACFE1B696FB00070C097 /* Supporting Files */ = {
			isa = PBXGroup;
			children = (
				D3F8ACFF1B696FB00070C097 /* Info.plist */,
			);
			name = "Supporting Files";
			sourceTree = "<group>";
		};
		D3F8AD0F1B696FCD0070C097 /* Dictate WatchKit Extension */ = {
			isa = PBXGroup;
			children = (
				D3B07A241B731D2A00B9C2A9 /* Dictate WatchKit Extension.entitlements */,
				D33CAD091B747F0900F59260 /* Resources */,
				D3E810861B70F4D6004AE5A9 /* WKControllers */,
				D3F8AD151B696FCD0070C097 /* NotificationController.swift */,
				D3F8AD171B696FCD0070C097 /* GlanceController.swift */,
				D3F8AD191B696FCD0070C097 /* Images.xcassets */,
				D3F8AD101B696FCD0070C097 /* Supporting Files */,
			);
			path = "Dictate WatchKit Extension";
			sourceTree = "<group>";
		};
		D3F8AD101B696FCD0070C097 /* Supporting Files */ = {
			isa = PBXGroup;
			children = (
				D3F8AD111B696FCD0070C097 /* Info.plist */,
				D3F8AD121B696FCD0070C097 /* PushNotificationPayload.apns */,
			);
			name = "Supporting Files";
			sourceTree = "<group>";
		};
		D3F8AD211B696FCD0070C097 /* Dictate WatchKit App */ = {
			isa = PBXGroup;
			children = (
				D3F8AD241B696FCD0070C097 /* Interface.storyboard */,
				D3F8AD271B696FCE0070C097 /* Images.xcassets */,
				D3F8AD221B696FCD0070C097 /* Supporting Files */,
			);
			path = "Dictate WatchKit App";
			sourceTree = "<group>";
		};
		D3F8AD221B696FCD0070C097 /* Supporting Files */ = {
			isa = PBXGroup;
			children = (
				D3F8AD231B696FCD0070C097 /* Info.plist */,
			);
			name = "Supporting Files";
			sourceTree = "<group>";
		};
		EC82CF641BAAE6EE00722611 /* Reminder */ = {
			isa = PBXGroup;
			children = (
				D3188A881B6E9C0800323DC0 /* ToDoTableViewController.swift */,
				ECF240441B9AFBF3002BFBAE /* ReminderEditorViewController.h */,
				ECF240451B9AFBF3002BFBAE /* ReminderEditorViewController.m */,
			);
			name = Reminder;
			sourceTree = "<group>";
		};
		ECB861E41B77DBFF00503C50 /* Resources */ = {
			isa = PBXGroup;
			children = (
				ECB861E51B77DCB000503C50 /* Sounds */,
			);
			name = Resources;
			path = ..;
			sourceTree = "<group>";
		};
		ECB861E51B77DCB000503C50 /* Sounds */ = {
			isa = PBXGroup;
			children = (
				ECB861E61B77DCB000503C50 /* 122-whoosh03.mp3 */,
				ECB861E71B77DCB000503C50 /* 124-DeleteWhoosh.mp3 */,
				ECB861E81B77DCB000503C50 /* 212-buttonclick52.mp3 */,
				ECB861E91B77DCB000503C50 /* 217-buttonclick03.mp3 */,
				ECB861EA1B77DCB000503C50 /* 218-buttonclick54.mp3 */,
				ECB861EB1B77DCB000503C50 /* 262-buttonclick57.mp3 */,
				ECB861EC1B77DCB000503C50 /* 289-SimpleBeep.mp3 */,
				ECB861ED1B77DCB000503C50 /* beep-08b.mp3 */,
				ECB861EE1B77DCB000503C50 /* Beep2.mp3 */,
				ECB861EF1B77DCB000503C50 /* button-14.mp3 */,
				ECB861F01B77DCB000503C50 /* button-43.mp3 */,
				ECB861F11B77DCB000503C50 /* se_tap.m4a */,
			);
			name = Sounds;
			path = Dictate/Resources/Sounds;
			sourceTree = "<group>";
		};
		ECB862051B77DEBD00503C50 /* JTCalendar */ = {
			isa = PBXGroup;
			children = (
				ECB862061B77DEBD00503C50 /* JTCalendar.h */,
				ECB862071B77DEBD00503C50 /* JTCalendarDelegate.h */,
				ECB862081B77DEBD00503C50 /* JTCalendarManager.h */,
				ECB862091B77DEBD00503C50 /* JTCalendarManager.m */,
				ECB8620A1B77DEBD00503C50 /* JTCalendarSettings.h */,
				ECB8620B1B77DEBD00503C50 /* JTCalendarSettings.m */,
				ECB8620C1B77DEBD00503C50 /* JTDateHelper.h */,
				ECB8620D1B77DEBD00503C50 /* JTDateHelper.m */,
				ECB8620E1B77DEBD00503C50 /* Managers */,
				ECB862131B77DEBD00503C50 /* Protocols */,
				ECB8621A1B77DEBD00503C50 /* Views */,
			);
			name = JTCalendar;
			path = Externals/JTCalendar;
			sourceTree = "<group>";
		};
		ECB8620E1B77DEBD00503C50 /* Managers */ = {
			isa = PBXGroup;
			children = (
				ECB8620F1B77DEBD00503C50 /* JTCalendarDelegateManager.h */,
				ECB862101B77DEBD00503C50 /* JTCalendarDelegateManager.m */,
				ECB862111B77DEBD00503C50 /* JTCalendarScrollManager.h */,
				ECB862121B77DEBD00503C50 /* JTCalendarScrollManager.m */,
			);
			path = Managers;
			sourceTree = "<group>";
		};
		ECB862131B77DEBD00503C50 /* Protocols */ = {
			isa = PBXGroup;
			children = (
				ECB862141B77DEBD00503C50 /* JTCalendarDay.h */,
				ECB862151B77DEBD00503C50 /* JTCalendarPage.h */,
				ECB862161B77DEBD00503C50 /* JTCalendarWeek.h */,
				ECB862171B77DEBD00503C50 /* JTCalendarWeekDay.h */,
				ECB862181B77DEBD00503C50 /* JTContent.h */,
				ECB862191B77DEBD00503C50 /* JTMenu.h */,
			);
			path = Protocols;
			sourceTree = "<group>";
		};
		ECB8621A1B77DEBD00503C50 /* Views */ = {
			isa = PBXGroup;
			children = (
				ECB8621B1B77DEBD00503C50 /* JTCalendarDayView.h */,
				ECB8621C1B77DEBD00503C50 /* JTCalendarDayView.m */,
				ECB8621D1B77DEBD00503C50 /* JTCalendarMenuView.h */,
				ECB8621E1B77DEBD00503C50 /* JTCalendarMenuView.m */,
				ECB8621F1B77DEBD00503C50 /* JTCalendarPageView.h */,
				ECB862201B77DEBD00503C50 /* JTCalendarPageView.m */,
				ECB862211B77DEBD00503C50 /* JTCalendarWeekDayView.h */,
				ECB862221B77DEBD00503C50 /* JTCalendarWeekDayView.m */,
				ECB862231B77DEBD00503C50 /* JTCalendarWeekView.h */,
				ECB862241B77DEBD00503C50 /* JTCalendarWeekView.m */,
				ECB862251B77DEBD00503C50 /* JTHorizontalCalendarView.h */,
				ECB862261B77DEBD00503C50 /* JTHorizontalCalendarView.m */,
				ECB862271B77DEBD00503C50 /* JTVerticalCalendarView.h */,
				ECB862281B77DEBD00503C50 /* JTVerticalCalendarView.m */,
			);
			path = Views;
			sourceTree = "<group>";
		};
		ECF818611B84FA7A0087ECAD /* Managers */ = {
			isa = PBXGroup;
			children = (
				D3A0F9FB1B69F0BB00F1FEDA /* EventCode.swift */,
				D38653F61BAA02F400B8CCBC /* EventManager.swift */,
				ECF818621B84FAB70087ECAD /* ReminderManager.swift */,
				D3D98AF31BA54D5B00BA1901 /* FavoritesManager.swift */,
				ECF2404E1BA13786002BFBAE /* DataManager.swift */,
			);
			name = Managers;
			sourceTree = "<group>";
		};
/* End PBXGroup section */

/* Begin PBXNativeTarget section */
		D3F8ACE41B696FB00070C097 /* Dictate */ = {
			isa = PBXNativeTarget;
			buildConfigurationList = D3F8AD041B696FB00070C097 /* Build configuration list for PBXNativeTarget "Dictate" */;
			buildPhases = (
				D3F8ACE11B696FB00070C097 /* Sources */,
				D3F8ACE21B696FB00070C097 /* Frameworks */,
				D3F8ACE31B696FB00070C097 /* Resources */,
				D3F8AD321B696FCE0070C097 /* Embed App Extensions */,
				D38C9C541B821D03009CFC7C /* ShellScript */,
			);
			buildRules = (
			);
			dependencies = (
				D3F8AD2A1B696FCE0070C097 /* PBXTargetDependency */,
			);
			name = Dictate;
			productName = Dictate;
			productReference = D3F8ACE51B696FB00070C097 /* Dictate.app */;
			productType = "com.apple.product-type.application";
		};
		D3F8ACF91B696FB00070C097 /* DictateTests */ = {
			isa = PBXNativeTarget;
			buildConfigurationList = D3F8AD071B696FB00070C097 /* Build configuration list for PBXNativeTarget "DictateTests" */;
			buildPhases = (
				D3F8ACF61B696FB00070C097 /* Sources */,
				D3F8ACF71B696FB00070C097 /* Frameworks */,
				D3F8ACF81B696FB00070C097 /* Resources */,
			);
			buildRules = (
			);
			dependencies = (
				D3F8ACFC1B696FB00070C097 /* PBXTargetDependency */,
			);
			name = DictateTests;
			productName = DictateTests;
			productReference = D3F8ACFA1B696FB00070C097 /* DictateTests.xctest */;
			productType = "com.apple.product-type.bundle.unit-test";
		};
		D3F8AD0D1B696FCD0070C097 /* Dictate WatchKit Extension */ = {
			isa = PBXNativeTarget;
			buildConfigurationList = D3F8AD2F1B696FCE0070C097 /* Build configuration list for PBXNativeTarget "Dictate WatchKit Extension" */;
			buildPhases = (
				D3F8AD0A1B696FCD0070C097 /* Sources */,
				D3F8AD0B1B696FCD0070C097 /* Frameworks */,
				D3F8AD0C1B696FCD0070C097 /* Resources */,
			);
			buildRules = (
			);
			dependencies = (
				D3F8AD201B696FCD0070C097 /* PBXTargetDependency */,
			);
			name = "Dictate WatchKit Extension";
			productName = "Dictate WatchKit Extension";
			productReference = D3F8AD0E1B696FCD0070C097 /* Dictate WatchKit Extension.appex */;
			productType = "com.apple.product-type.watchkit-extension";
		};
		D3F8AD1C1B696FCD0070C097 /* Dictate WatchKit App */ = {
			isa = PBXNativeTarget;
			buildConfigurationList = D3F8AD2C1B696FCE0070C097 /* Build configuration list for PBXNativeTarget "Dictate WatchKit App" */;
			buildPhases = (
				D3F8AD1B1B696FCD0070C097 /* Resources */,
			);
			buildRules = (
			);
			dependencies = (
			);
			name = "Dictate WatchKit App";
			productName = "Dictate WatchKit App";
			productReference = D3F8AD1D1B696FCD0070C097 /* Dictate WatchKit App.app */;
			productType = "com.apple.product-type.application.watchapp";
		};
/* End PBXNativeTarget section */

/* Begin PBXProject section */
		D3F8ACDD1B696FB00070C097 /* Project object */ = {
			isa = PBXProject;
			attributes = {
				LastSwiftUpdateCheck = 0700;
				LastUpgradeCheck = 0640;
				ORGANIZATIONNAME = ThatSoft.com;
				TargetAttributes = {
					D3F8ACE41B696FB00070C097 = {
						CreatedOnToolsVersion = 6.4;
						DevelopmentTeam = A6V8M5Q68S;
						SystemCapabilities = {
							com.apple.ApplicationGroups.iOS = {
								enabled = 1;
							};
							com.apple.InAppPurchase = {
								enabled = 0;
							};
							com.apple.Keychain = {
								enabled = 1;
							};
						};
					};
					D3F8ACF91B696FB00070C097 = {
						CreatedOnToolsVersion = 6.4;
						TestTargetID = D3F8ACE41B696FB00070C097;
					};
					D3F8AD0D1B696FCD0070C097 = {
						CreatedOnToolsVersion = 6.4;
						DevelopmentTeam = A6V8M5Q68S;
						SystemCapabilities = {
							com.apple.ApplicationGroups.iOS = {
								enabled = 1;
							};
							com.apple.Keychain = {
								enabled = 1;
							};
						};
					};
					D3F8AD1C1B696FCD0070C097 = {
						CreatedOnToolsVersion = 6.4;
						DevelopmentTeam = A6V8M5Q68S;
					};
				};
			};
			buildConfigurationList = D3F8ACE01B696FB00070C097 /* Build configuration list for PBXProject "Dictate" */;
			compatibilityVersion = "Xcode 3.2";
			developmentRegion = English;
			hasScannedForEncodings = 0;
			knownRegions = (
				en,
				Base,
			);
			mainGroup = D3F8ACDC1B696FB00070C097;
			productRefGroup = D3F8ACE61B696FB00070C097 /* Products */;
			projectDirPath = "";
			projectRoot = "";
			targets = (
				D3F8ACE41B696FB00070C097 /* Dictate */,
				D3F8ACF91B696FB00070C097 /* DictateTests */,
				D3F8AD0D1B696FCD0070C097 /* Dictate WatchKit Extension */,
				D3F8AD1C1B696FCD0070C097 /* Dictate WatchKit App */,
			);
		};
/* End PBXProject section */

/* Begin PBXResourcesBuildPhase section */
		D3F8ACE31B696FB00070C097 /* Resources */ = {
			isa = PBXResourcesBuildPhase;
			buildActionMask = 2147483647;
			files = (
				ECB861F81B77DCB000503C50 /* 289-SimpleBeep.mp3 in Resources */,
				ECB861FB1B77DCB000503C50 /* button-14.mp3 in Resources */,
				ECB861F31B77DCB000503C50 /* 124-DeleteWhoosh.mp3 in Resources */,
				ECB861F41B77DCB000503C50 /* 212-buttonclick52.mp3 in Resources */,
				ECB861F51B77DCB000503C50 /* 217-buttonclick03.mp3 in Resources */,
				ECB861FA1B77DCB000503C50 /* Beep2.mp3 in Resources */,
				ECB861FC1B77DCB000503C50 /* button-43.mp3 in Resources */,
				ECB861F91B77DCB000503C50 /* beep-08b.mp3 in Resources */,
				ECB861F71B77DCB000503C50 /* 262-buttonclick57.mp3 in Resources */,
				D33CAD041B74773500F59260 /* button-14.mp3 in Resources */,
				D33CAD071B747EBE00F59260 /* se_tap.m4a in Resources */,
				ECB861F61B77DCB000503C50 /* 218-buttonclick54.mp3 in Resources */,
				ECB861F21B77DCB000503C50 /* 122-whoosh03.mp3 in Resources */,
				D3188A7B1B6E9B4B00323DC0 /* ToDoTableViewCell.xib in Resources */,
				ECB861FD1B77DCB000503C50 /* se_tap.m4a in Resources */,
				D3F8ACF51B696FB00070C097 /* LaunchScreen.xib in Resources */,
				D3188A751B6E9B1500323DC0 /* CustomTableViewCell.xib in Resources */,
				D355D97C1BA7DD3F00DADD72 /* Main.storyboard in Resources */,
				D3F8ACF21B696FB00070C097 /* Images.xcassets in Resources */,
			);
			runOnlyForDeploymentPostprocessing = 0;
		};
		D3F8ACF81B696FB00070C097 /* Resources */ = {
			isa = PBXResourcesBuildPhase;
			buildActionMask = 2147483647;
			files = (
			);
			runOnlyForDeploymentPostprocessing = 0;
		};
		D3F8AD0C1B696FCD0070C097 /* Resources */ = {
			isa = PBXResourcesBuildPhase;
			buildActionMask = 2147483647;
			files = (
				D3F8AD1A1B696FCD0070C097 /* Images.xcassets in Resources */,
				D33CAD081B747EBE00F59260 /* se_tap.m4a in Resources */,
				D33CAD051B74773500F59260 /* button-14.mp3 in Resources */,
				D3F8AD1E1B696FCD0070C097 /* Dictate WatchKit App.app in Resources */,
			);
			runOnlyForDeploymentPostprocessing = 0;
		};
		D3F8AD1B1B696FCD0070C097 /* Resources */ = {
			isa = PBXResourcesBuildPhase;
			buildActionMask = 2147483647;
			files = (
				D3F8AD261B696FCE0070C097 /* Interface.storyboard in Resources */,
				D3F8AD281B696FCE0070C097 /* Images.xcassets in Resources */,
			);
			runOnlyForDeploymentPostprocessing = 0;
		};
/* End PBXResourcesBuildPhase section */

/* Begin PBXShellScriptBuildPhase section */
		D38C9C541B821D03009CFC7C /* ShellScript */ = {
			isa = PBXShellScriptBuildPhase;
			buildActionMask = 2147483647;
			files = (
			);
			inputPaths = (
			);
			outputPaths = (
			);
			runOnlyForDeploymentPostprocessing = 0;
			shellPath = /bin/sh;
			shellScript = "./Fabric.framework/run 76e4b5192632a88784fb617b0700bd9df0ee7574 13006cf4d877642c70fb2ec98889d5916ceb01b5c3e7240bbc3497f125ae386e";
		};
/* End PBXShellScriptBuildPhase section */

/* Begin PBXSourcesBuildPhase section */
		D3F8ACE11B696FB00070C097 /* Sources */ = {
			isa = PBXSourcesBuildPhase;
			buildActionMask = 2147483647;
			files = (
				D38653F71BAA02F400B8CCBC /* EventManager.swift in Sources */,
				ECB862021B77DD4100503C50 /* TodayViewController.m in Sources */,
				ECF240461B9AFBF3002BFBAE /* ReminderEditorViewController.m in Sources */,
				D3BD1BDE1B9F3CF10052A312 /* ReminderPickerTableViewController.swift in Sources */,
				D392FAD61B9B1C7E00678B18 /* SettingsInstructionsTableViewController.swift in Sources */,
				ECB8622E1B77DEBD00503C50 /* JTDateHelper.m in Sources */,
				ECB8622D1B77DEBD00503C50 /* JTCalendarSettings.m in Sources */,
				ECF818601B83B7E10087ECAD /* CheckBoxLayer.swift in Sources */,
				D3B703801B935AC200FA1DF0 /* SettingsReminderTableViewController.swift in Sources */,
				ECF2404D1B9DFF7F002BFBAE /* CalendarSelectionViewController.swift in Sources */,
				D392FAD81B9B1D3600678B18 /* SettingsKeywordsTableViewController.swift in Sources */,
				D3188A871B6E9BF900323DC0 /* vcTest1.swift in Sources */,
				D392FAD41B9B1BA800678B18 /* SettingsFriendsTableViewController.swift in Sources */,
				D3188A7F1B6E9B7F00323DC0 /* LoginViewController.swift in Sources */,
				D3B703821B94E90800FA1DF0 /* ReminderListTableViewController.swift in Sources */,
				ECB862371B77DEBD00503C50 /* JTVerticalCalendarView.m in Sources */,
				D3188A791B6E9B4200323DC0 /* ToDoTableCell.swift in Sources */,
				D31CB4B21BA28A1800EC5418 /* SettingsCalendarListTableViewCell.swift in Sources */,
				ECB862301B77DEBD00503C50 /* JTCalendarScrollManager.m in Sources */,
				ECB861E21B77DBB700503C50 /* SwiftColors.swift in Sources */,
				ECB862331B77DEBD00503C50 /* JTCalendarPageView.m in Sources */,
				ECB862341B77DEBD00503C50 /* JTCalendarWeekDayView.m in Sources */,
				ECB8622C1B77DEBD00503C50 /* JTCalendarManager.m in Sources */,
				D3188A6C1B6E9ADB00323DC0 /* MailComposer.swift in Sources */,
				D33C13BF1B8C47E800470F8F /* SettingsCalendarTableViewController.swift in Sources */,
				D3188A691B6E9AA700323DC0 /* MailComposer3.swift in Sources */,
				D3188A6F1B6E9AE400323DC0 /* MessageCode.swift in Sources */,
				ECB862361B77DEBD00503C50 /* JTHorizontalCalendarView.m in Sources */,
				D3188A851B6E9BED00323DC0 /* PrefsTempVC.swift in Sources */,
				D3188A891B6E9C0800323DC0 /* ToDoTableViewController.swift in Sources */,
				ECB862311B77DEBD00503C50 /* JTCalendarDayView.m in Sources */,
				ECF2404F1BA13786002BFBAE /* DataManager.swift in Sources */,
				D3F8ACED1B696FB00070C097 /* ViewController.swift in Sources */,
				ECB8622B1B77DEBD00503C50 /* CALEventManager.m in Sources */,
				D3188A811B6E9B9900323DC0 /* tabBarController.swift in Sources */,
				D33C13BB1B8C1EC900470F8F /* ToDoMenuViewController.swift in Sources */,
				ECB862351B77DEBD00503C50 /* JTCalendarWeekView.m in Sources */,
				ECF8185F1B83B7E10087ECAD /* CheckBox.swift in Sources */,
				D3F8ACEB1B696FB00070C097 /* AppDelegate.swift in Sources */,
				D32350621B69828900939F03 /* ReminderCode.swift in Sources */,
				ECB862381B77DEBD00503C50 /* NSDate+CALAddition.m in Sources */,
				D3089C651BA2713B00C58D6D /* SettingsReminderListTableViewCell.swift in Sources */,
				D3D98AF41BA54D5B00BA1901 /* FavoritesManager.swift in Sources */,
				ECB8622F1B77DEBD00503C50 /* JTCalendarDelegateManager.m in Sources */,
				D392FADA1B9B1DFD00678B18 /* SettingsGeneralTableViewController.swift in Sources */,
				ECB861E11B77DBB700503C50 /* General.swift in Sources */,
				D3188A771B6E9B2600323DC0 /* TableCell.swift in Sources */,
				ECF240481B9C947E002BFBAE /* DateTableViewCell.swift in Sources */,
				ECB862321B77DEBD00503C50 /* JTCalendarMenuView.m in Sources */,
				ECF818691B851B830087ECAD /* UIColor+BFPaperColors.m in Sources */,
				D3188A7D1B6E9B7700323DC0 /* ViewControllerDictate.swift in Sources */,
				ECF818661B8519F80087ECAD /* BFPaperCheckbox.m in Sources */,
				D3795E7A1B8DF927009D3DB5 /* SettingsEventTableViewController.swift in Sources */,
				D33C13BD1B8C3CCB00470F8F /* SettingsTableViewController.swift in Sources */,
				ECF818631B84FAB70087ECAD /* ReminderManager.swift in Sources */,
				ECB861E31B77DBB700503C50 /* Utility.swift in Sources */,
				D3188A8B1B6E9C1100323DC0 /* vcTodayTable.swift in Sources */,
				D31CB4B01BA2897500EC5418 /* CalendarPickerTableViewController.swift in Sources */,
				ECB861E01B77DBB700503C50 /* Constants.swift in Sources */,
				D323505E1B697B0200939F03 /* DictateCode.swift in Sources */,
				D3A0F9FC1B69F0BB00F1FEDA /* EventCode.swift in Sources */,
				D3188A831B6E9BD500323DC0 /* PrefsTableVC.swift in Sources */,
				EC82CF631BAAE26F00722611 /* UILabel+WhiteUIDatePickerLabel.m in Sources */,
				D3188A721B6E9AEF00323DC0 /* MessageComposer.swift in Sources */,
			);
			runOnlyForDeploymentPostprocessing = 0;
		};
		D3F8ACF61B696FB00070C097 /* Sources */ = {
			isa = PBXSourcesBuildPhase;
			buildActionMask = 2147483647;
			files = (
				D3F8AD011B696FB00070C097 /* DictateTests.swift in Sources */,
			);
			runOnlyForDeploymentPostprocessing = 0;
		};
		D3F8AD0A1B696FCD0070C097 /* Sources */ = {
			isa = PBXSourcesBuildPhase;
			buildActionMask = 2147483647;
			files = (
				D3795E7B1B8F654F009D3DB5 /* ReminderManager.swift in Sources */,
				D3F8AD161B696FCD0070C097 /* NotificationController.swift in Sources */,
				D35588BE1BA938A00052892F /* ReminderItemsTableRC.swift in Sources */,
				D3E8108A1B710690004AE5A9 /* ReminderListsIC.swift in Sources */,
				D39AB8A01BA87679001C7570 /* SettingsCalendarTableRC.swift in Sources */,
				D38653F81BAA02F400B8CCBC /* EventManager.swift in Sources */,
				D3188A6D1B6E9ADB00323DC0 /* MailComposer.swift in Sources */,
				D3188A701B6E9AE400323DC0 /* MessageCode.swift in Sources */,
				D3B6F5F91BA60B7E0052B639 /* DictateManagerIC.swift in Sources */,
				D3A0F9FD1B69F0BB00F1FEDA /* EventCode.swift in Sources */,
				D39AB89E1BA86D68001C7570 /* CalendarListPickerIC.swift in Sources */,
				D323505F1B697B0200939F03 /* DictateCode.swift in Sources */,
				D3D98AF51BA54D5B00BA1901 /* FavoritesManager.swift in Sources */,
				D343956E1BA326E6002D98EA /* SettingsReminderTableRC.swift in Sources */,
				D3FA08051BA7F6EB006A91C2 /* ReminderListsTableRC.swift in Sources */,
				D3F8AD141B696FCD0070C097 /* MainIC.swift in Sources */,
				D3E810881B70FEA0004AE5A9 /* SettingsIC.swift in Sources */,
				D35588BC1BA937D20052892F /* ReminderItemsIC.swift in Sources */,
				D3188A6A1B6E9AA700323DC0 /* MailComposer3.swift in Sources */,
				D32350631B69828900939F03 /* ReminderCode.swift in Sources */,
				D3E810851B70F4BC004AE5A9 /* TodayIC.swift in Sources */,
				D34395721BA32964002D98EA /* ReminderListPickerIC.swift in Sources */,
				D3F8AD181B696FCD0070C097 /* GlanceController.swift in Sources */,
				ECB861FE1B77DCDC00503C50 /* General.swift in Sources */,
				D3188A731B6E9AEF00323DC0 /* MessageComposer.swift in Sources */,
			);
			runOnlyForDeploymentPostprocessing = 0;
		};
/* End PBXSourcesBuildPhase section */

/* Begin PBXTargetDependency section */
		D3F8ACFC1B696FB00070C097 /* PBXTargetDependency */ = {
			isa = PBXTargetDependency;
			target = D3F8ACE41B696FB00070C097 /* Dictate */;
			targetProxy = D3F8ACFB1B696FB00070C097 /* PBXContainerItemProxy */;
		};
		D3F8AD201B696FCD0070C097 /* PBXTargetDependency */ = {
			isa = PBXTargetDependency;
			target = D3F8AD1C1B696FCD0070C097 /* Dictate WatchKit App */;
			targetProxy = D3F8AD1F1B696FCD0070C097 /* PBXContainerItemProxy */;
		};
		D3F8AD2A1B696FCE0070C097 /* PBXTargetDependency */ = {
			isa = PBXTargetDependency;
			target = D3F8AD0D1B696FCD0070C097 /* Dictate WatchKit Extension */;
			targetProxy = D3F8AD291B696FCE0070C097 /* PBXContainerItemProxy */;
		};
/* End PBXTargetDependency section */

/* Begin PBXVariantGroup section */
		D3F8ACF31B696FB00070C097 /* LaunchScreen.xib */ = {
			isa = PBXVariantGroup;
			children = (
				D3F8ACF41B696FB00070C097 /* Base */,
			);
			name = LaunchScreen.xib;
			sourceTree = "<group>";
		};
		D3F8AD241B696FCD0070C097 /* Interface.storyboard */ = {
			isa = PBXVariantGroup;
			children = (
				D3F8AD251B696FCE0070C097 /* Base */,
			);
			name = Interface.storyboard;
			sourceTree = "<group>";
		};
/* End PBXVariantGroup section */

/* Begin XCBuildConfiguration section */
		D3F8AD021B696FB00070C097 /* Debug */ = {
			isa = XCBuildConfiguration;
			buildSettings = {
				ALWAYS_SEARCH_USER_PATHS = NO;
				CLANG_CXX_LANGUAGE_STANDARD = "gnu++0x";
				CLANG_CXX_LIBRARY = "libc++";
				CLANG_ENABLE_MODULES = YES;
				CLANG_ENABLE_OBJC_ARC = YES;
				CLANG_WARN_BOOL_CONVERSION = YES;
				CLANG_WARN_CONSTANT_CONVERSION = YES;
				CLANG_WARN_DIRECT_OBJC_ISA_USAGE = YES_ERROR;
				CLANG_WARN_EMPTY_BODY = YES;
				CLANG_WARN_ENUM_CONVERSION = YES;
				CLANG_WARN_INT_CONVERSION = YES;
				CLANG_WARN_OBJC_ROOT_CLASS = YES_ERROR;
				CLANG_WARN_UNREACHABLE_CODE = YES;
				CLANG_WARN__DUPLICATE_METHOD_MATCH = YES;
				CODE_SIGN_IDENTITY = "iPhone Distribution";
				"CODE_SIGN_IDENTITY[sdk=iphoneos*]" = "iPhone Developer";
				COPY_PHASE_STRIP = NO;
				DEBUG_INFORMATION_FORMAT = "dwarf-with-dsym";
				ENABLE_STRICT_OBJC_MSGSEND = YES;
				GCC_C_LANGUAGE_STANDARD = gnu99;
				GCC_DYNAMIC_NO_PIC = NO;
				GCC_NO_COMMON_BLOCKS = YES;
				GCC_OPTIMIZATION_LEVEL = 0;
				GCC_PREPROCESSOR_DEFINITIONS = (
					"DEBUG=1",
					"$(inherited)",
				);
				GCC_SYMBOLS_PRIVATE_EXTERN = NO;
				GCC_WARN_64_TO_32_BIT_CONVERSION = YES;
				GCC_WARN_ABOUT_RETURN_TYPE = YES_ERROR;
				GCC_WARN_UNDECLARED_SELECTOR = YES;
				GCC_WARN_UNINITIALIZED_AUTOS = YES_AGGRESSIVE;
				GCC_WARN_UNUSED_FUNCTION = YES;
				GCC_WARN_UNUSED_VARIABLE = YES;
				IPHONEOS_DEPLOYMENT_TARGET = 8.4;
				MTL_ENABLE_DEBUG_INFO = YES;
				ONLY_ACTIVE_ARCH = YES;
				SDKROOT = iphoneos;
				SWIFT_OPTIMIZATION_LEVEL = "-Onone";
			};
			name = Debug;
		};
		D3F8AD031B696FB00070C097 /* Release */ = {
			isa = XCBuildConfiguration;
			buildSettings = {
				ALWAYS_SEARCH_USER_PATHS = NO;
				CLANG_CXX_LANGUAGE_STANDARD = "gnu++0x";
				CLANG_CXX_LIBRARY = "libc++";
				CLANG_ENABLE_MODULES = YES;
				CLANG_ENABLE_OBJC_ARC = YES;
				CLANG_WARN_BOOL_CONVERSION = YES;
				CLANG_WARN_CONSTANT_CONVERSION = YES;
				CLANG_WARN_DIRECT_OBJC_ISA_USAGE = YES_ERROR;
				CLANG_WARN_EMPTY_BODY = YES;
				CLANG_WARN_ENUM_CONVERSION = YES;
				CLANG_WARN_INT_CONVERSION = YES;
				CLANG_WARN_OBJC_ROOT_CLASS = YES_ERROR;
				CLANG_WARN_UNREACHABLE_CODE = YES;
				CLANG_WARN__DUPLICATE_METHOD_MATCH = YES;
				CODE_SIGN_IDENTITY = "iPhone Distribution";
				"CODE_SIGN_IDENTITY[sdk=iphoneos*]" = "iPhone Developer";
				COPY_PHASE_STRIP = NO;
				DEBUG_INFORMATION_FORMAT = "dwarf-with-dsym";
				ENABLE_NS_ASSERTIONS = NO;
				ENABLE_STRICT_OBJC_MSGSEND = YES;
				GCC_C_LANGUAGE_STANDARD = gnu99;
				GCC_NO_COMMON_BLOCKS = YES;
				GCC_WARN_64_TO_32_BIT_CONVERSION = YES;
				GCC_WARN_ABOUT_RETURN_TYPE = YES_ERROR;
				GCC_WARN_UNDECLARED_SELECTOR = YES;
				GCC_WARN_UNINITIALIZED_AUTOS = YES_AGGRESSIVE;
				GCC_WARN_UNUSED_FUNCTION = YES;
				GCC_WARN_UNUSED_VARIABLE = YES;
				IPHONEOS_DEPLOYMENT_TARGET = 8.4;
				MTL_ENABLE_DEBUG_INFO = NO;
				SDKROOT = iphoneos;
				VALIDATE_PRODUCT = YES;
			};
			name = Release;
		};
		D3F8AD051B696FB00070C097 /* Debug */ = {
			isa = XCBuildConfiguration;
			buildSettings = {
				ASSETCATALOG_COMPILER_APPICON_NAME = AppIcon;
				CLANG_ENABLE_MODULES = YES;
				CODE_SIGN_ENTITLEMENTS = Dictate/Dictate.entitlements;
				CODE_SIGN_IDENTITY = "iPhone Developer";
				"CODE_SIGN_IDENTITY[sdk=*]" = "iPhone Developer";
				"CODE_SIGN_IDENTITY[sdk=iphoneos*]" = "iPhone Developer";
				FRAMEWORK_SEARCH_PATHS = (
					"$(inherited)",
					"$(PROJECT_DIR)/Dictate",
				);
				INFOPLIST_FILE = Dictate/Info.plist;
				IPHONEOS_DEPLOYMENT_TARGET = 8.2;
				LD_RUNPATH_SEARCH_PATHS = "$(inherited) @executable_path/Frameworks";
				LIBRARY_SEARCH_PATHS = (
					"$(inherited)",
					"$(PROJECT_DIR)/Dictate",
					"$(SDKROOT)/usr/lib/system",
				);
				PRODUCT_NAME = "$(TARGET_NAME)";
				PROVISIONING_PROFILE = "";
				SWIFT_OBJC_BRIDGING_HEADER = "Dictate/Dictate-Bridging-Header.h";
				SWIFT_OPTIMIZATION_LEVEL = "-Onone";
			};
			name = Debug;
		};
		D3F8AD061B696FB00070C097 /* Release */ = {
			isa = XCBuildConfiguration;
			buildSettings = {
				ASSETCATALOG_COMPILER_APPICON_NAME = AppIcon;
				CLANG_ENABLE_MODULES = YES;
				CODE_SIGN_ENTITLEMENTS = Dictate/Dictate.entitlements;
				CODE_SIGN_IDENTITY = "iPhone Developer";
				"CODE_SIGN_IDENTITY[sdk=iphoneos*]" = "iPhone Developer";
				FRAMEWORK_SEARCH_PATHS = (
					"$(inherited)",
					"$(PROJECT_DIR)/Dictate",
				);
				INFOPLIST_FILE = Dictate/Info.plist;
				IPHONEOS_DEPLOYMENT_TARGET = 8.2;
				LD_RUNPATH_SEARCH_PATHS = "$(inherited) @executable_path/Frameworks";
				LIBRARY_SEARCH_PATHS = (
					"$(inherited)",
					"$(PROJECT_DIR)/Dictate",
					"$(SDKROOT)/usr/lib/system",
				);
				PRODUCT_NAME = "$(TARGET_NAME)";
				PROVISIONING_PROFILE = "";
				SWIFT_OBJC_BRIDGING_HEADER = "Dictate/Dictate-Bridging-Header.h";
			};
			name = Release;
		};
		D3F8AD081B696FB00070C097 /* Debug */ = {
			isa = XCBuildConfiguration;
			buildSettings = {
				BUNDLE_LOADER = "$(TEST_HOST)";
				CODE_SIGN_IDENTITY = "iPhone Developer";
				FRAMEWORK_SEARCH_PATHS = (
					"$(SDKROOT)/Developer/Library/Frameworks",
					"$(inherited)",
				);
				GCC_PREPROCESSOR_DEFINITIONS = (
					"DEBUG=1",
					"$(inherited)",
				);
				INFOPLIST_FILE = DictateTests/Info.plist;
				LD_RUNPATH_SEARCH_PATHS = "$(inherited) @executable_path/Frameworks @loader_path/Frameworks";
				PRODUCT_NAME = "$(TARGET_NAME)";
				TEST_HOST = "$(BUILT_PRODUCTS_DIR)/Dictate.app/Dictate";
			};
			name = Debug;
		};
		D3F8AD091B696FB00070C097 /* Release */ = {
			isa = XCBuildConfiguration;
			buildSettings = {
				BUNDLE_LOADER = "$(TEST_HOST)";
				FRAMEWORK_SEARCH_PATHS = (
					"$(SDKROOT)/Developer/Library/Frameworks",
					"$(inherited)",
				);
				INFOPLIST_FILE = DictateTests/Info.plist;
				LD_RUNPATH_SEARCH_PATHS = "$(inherited) @executable_path/Frameworks @loader_path/Frameworks";
				PRODUCT_NAME = "$(TARGET_NAME)";
				TEST_HOST = "$(BUILT_PRODUCTS_DIR)/Dictate.app/Dictate";
			};
			name = Release;
		};
		D3F8AD2D1B696FCE0070C097 /* Debug */ = {
			isa = XCBuildConfiguration;
			buildSettings = {
				ASSETCATALOG_COMPILER_APPICON_NAME = AppIcon;
				CODE_SIGN_IDENTITY = "iPhone Developer: Mike Derr (PVJ5825QRB)";
				"CODE_SIGN_IDENTITY[sdk=iphoneos*]" = "iPhone Developer: Mike Derr (PVJ5825QRB)";
				GCC_PREPROCESSOR_DEFINITIONS = (
					"DEBUG=1",
					"$(inherited)",
				);
				IBSC_MODULE = Dictate_WatchKit_Extension;
				INFOPLIST_FILE = "Dictate WatchKit App/Info.plist";
				IPHONEOS_DEPLOYMENT_TARGET = 8.2;
				PRODUCT_NAME = "$(TARGET_NAME)";
				PROVISIONING_PROFILE = "1abcb096-9ebc-4b63-8096-3677b2af9199";
				SKIP_INSTALL = YES;
				TARGETED_DEVICE_FAMILY = 4;
				"TARGETED_DEVICE_FAMILY[sdk=iphonesimulator*]" = "1,4";
			};
			name = Debug;
		};
		D3F8AD2E1B696FCE0070C097 /* Release */ = {
			isa = XCBuildConfiguration;
			buildSettings = {
				ASSETCATALOG_COMPILER_APPICON_NAME = AppIcon;
				CODE_SIGN_IDENTITY = "iPhone Developer";
				"CODE_SIGN_IDENTITY[sdk=iphoneos*]" = "";
				IBSC_MODULE = Dictate_WatchKit_Extension;
				INFOPLIST_FILE = "Dictate WatchKit App/Info.plist";
				IPHONEOS_DEPLOYMENT_TARGET = 8.2;
				PRODUCT_NAME = "$(TARGET_NAME)";
				PROVISIONING_PROFILE = "1abcb096-9ebc-4b63-8096-3677b2af9199";
				SKIP_INSTALL = YES;
				TARGETED_DEVICE_FAMILY = 4;
				"TARGETED_DEVICE_FAMILY[sdk=iphonesimulator*]" = "1,4";
			};
			name = Release;
		};
		D3F8AD301B696FCE0070C097 /* Debug */ = {
			isa = XCBuildConfiguration;
			buildSettings = {
				CODE_SIGN_ENTITLEMENTS = "Dictate WatchKit Extension/Dictate WatchKit Extension.entitlements";
				CODE_SIGN_IDENTITY = "iPhone Developer";
				"CODE_SIGN_IDENTITY[sdk=iphoneos*]" = "iPhone Developer";
				FRAMEWORK_SEARCH_PATHS = (
					"$(inherited)",
					"$(PROJECT_DIR)/Dictate",
				);
				GCC_PREPROCESSOR_DEFINITIONS = (
					"DEBUG=1",
					"$(inherited)",
				);
				INFOPLIST_FILE = "Dictate WatchKit Extension/Info.plist";
				IPHONEOS_DEPLOYMENT_TARGET = 8.2;
				LD_RUNPATH_SEARCH_PATHS = "$(inherited) @executable_path/Frameworks @executable_path/../../Frameworks";
				LIBRARY_SEARCH_PATHS = (
					"$(inherited)",
					"$(PROJECT_DIR)/Dictate",
				);
				PRODUCT_NAME = "${TARGET_NAME}";
				PROVISIONING_PROFILE = "74312b1a-2dcd-4acf-acb4-97dea9f33901";
				SKIP_INSTALL = YES;
			};
			name = Debug;
		};
		D3F8AD311B696FCE0070C097 /* Release */ = {
			isa = XCBuildConfiguration;
			buildSettings = {
				CODE_SIGN_ENTITLEMENTS = "Dictate WatchKit Extension/Dictate WatchKit Extension.entitlements";
				CODE_SIGN_IDENTITY = "iPhone Developer";
				"CODE_SIGN_IDENTITY[sdk=iphoneos*]" = "iPhone Developer";
				FRAMEWORK_SEARCH_PATHS = (
					"$(inherited)",
					"$(PROJECT_DIR)/Dictate",
				);
				INFOPLIST_FILE = "Dictate WatchKit Extension/Info.plist";
				IPHONEOS_DEPLOYMENT_TARGET = 8.2;
				LD_RUNPATH_SEARCH_PATHS = "$(inherited) @executable_path/Frameworks @executable_path/../../Frameworks";
				LIBRARY_SEARCH_PATHS = (
					"$(inherited)",
					"$(PROJECT_DIR)/Dictate",
				);
				PRODUCT_NAME = "${TARGET_NAME}";
				PROVISIONING_PROFILE = "74312b1a-2dcd-4acf-acb4-97dea9f33901";
				SKIP_INSTALL = YES;
			};
			name = Release;
		};
/* End XCBuildConfiguration section */

/* Begin XCConfigurationList section */
		D3F8ACE01B696FB00070C097 /* Build configuration list for PBXProject "Dictate" */ = {
			isa = XCConfigurationList;
			buildConfigurations = (
				D3F8AD021B696FB00070C097 /* Debug */,
				D3F8AD031B696FB00070C097 /* Release */,
			);
			defaultConfigurationIsVisible = 0;
			defaultConfigurationName = Release;
		};
		D3F8AD041B696FB00070C097 /* Build configuration list for PBXNativeTarget "Dictate" */ = {
			isa = XCConfigurationList;
			buildConfigurations = (
				D3F8AD051B696FB00070C097 /* Debug */,
				D3F8AD061B696FB00070C097 /* Release */,
			);
			defaultConfigurationIsVisible = 0;
			defaultConfigurationName = Release;
		};
		D3F8AD071B696FB00070C097 /* Build configuration list for PBXNativeTarget "DictateTests" */ = {
			isa = XCConfigurationList;
			buildConfigurations = (
				D3F8AD081B696FB00070C097 /* Debug */,
				D3F8AD091B696FB00070C097 /* Release */,
			);
			defaultConfigurationIsVisible = 0;
			defaultConfigurationName = Release;
		};
		D3F8AD2C1B696FCE0070C097 /* Build configuration list for PBXNativeTarget "Dictate WatchKit App" */ = {
			isa = XCConfigurationList;
			buildConfigurations = (
				D3F8AD2D1B696FCE0070C097 /* Debug */,
				D3F8AD2E1B696FCE0070C097 /* Release */,
			);
			defaultConfigurationIsVisible = 0;
			defaultConfigurationName = Release;
		};
		D3F8AD2F1B696FCE0070C097 /* Build configuration list for PBXNativeTarget "Dictate WatchKit Extension" */ = {
			isa = XCConfigurationList;
			buildConfigurations = (
				D3F8AD301B696FCE0070C097 /* Debug */,
				D3F8AD311B696FCE0070C097 /* Release */,
			);
			defaultConfigurationIsVisible = 0;
			defaultConfigurationName = Release;
		};
/* End XCConfigurationList section */
	};
	rootObject = D3F8ACDD1B696FB00070C097 /* Project object */;
}
